// !$*UTF8*$!
{
	archiveVersion = 1;
	classes = {
	};
	objectVersion = 46;
	objects = {

/* Begin PBXBuildFile section */
		132278CB21D0732E0047B6B8 /* Page.cpp in Sources */ = {isa = PBXBuildFile; fileRef = 132278CA21D0732D0047B6B8 /* Page.cpp */; };
		132278CC21D0732E0047B6B8 /* Page.cpp in Sources */ = {isa = PBXBuildFile; fileRef = 132278CA21D0732D0047B6B8 /* Page.cpp */; };
		132278D221D09E100047B6B8 /* Layer_Base.cpp in Sources */ = {isa = PBXBuildFile; fileRef = 132278D021D09E100047B6B8 /* Layer_Base.cpp */; };
		132278D321D09E100047B6B8 /* Layer_Base.cpp in Sources */ = {isa = PBXBuildFile; fileRef = 132278D021D09E100047B6B8 /* Layer_Base.cpp */; };
		132278D821D0B1610047B6B8 /* Pannel.png in Resources */ = {isa = PBXBuildFile; fileRef = 132278D721D0B1610047B6B8 /* Pannel.png */; };
		132278D921D0B1610047B6B8 /* Pannel.png in Resources */ = {isa = PBXBuildFile; fileRef = 132278D721D0B1610047B6B8 /* Pannel.png */; };
		132278E821D0D3420047B6B8 /* Page_0.cpp in Sources */ = {isa = PBXBuildFile; fileRef = 132278E621D0D3410047B6B8 /* Page_0.cpp */; };
		132278E921D0D3420047B6B8 /* Page_0.cpp in Sources */ = {isa = PBXBuildFile; fileRef = 132278E621D0D3410047B6B8 /* Page_0.cpp */; };
		132278F121D0DBC50047B6B8 /* Button.cpp in Sources */ = {isa = PBXBuildFile; fileRef = 132278F021D0DBC50047B6B8 /* Button.cpp */; };
		132278F221D0DBC50047B6B8 /* Button.cpp in Sources */ = {isa = PBXBuildFile; fileRef = 132278F021D0DBC50047B6B8 /* Button.cpp */; };
		13285C2521CB5588005B8214 /* Neco_1.jpg in Resources */ = {isa = PBXBuildFile; fileRef = 13285C2421CB5588005B8214 /* Neco_1.jpg */; };
		13285C2621CB5588005B8214 /* Neco_1.jpg in Resources */ = {isa = PBXBuildFile; fileRef = 13285C2421CB5588005B8214 /* Neco_1.jpg */; };
		13285C2821CB5621005B8214 /* Neco_2.jpg in Resources */ = {isa = PBXBuildFile; fileRef = 13285C2721CB5621005B8214 /* Neco_2.jpg */; };
		13285C2921CB5621005B8214 /* Neco_2.jpg in Resources */ = {isa = PBXBuildFile; fileRef = 13285C2721CB5621005B8214 /* Neco_2.jpg */; };
		13285C2B21CB573A005B8214 /* Neco_3.jpg in Resources */ = {isa = PBXBuildFile; fileRef = 13285C2A21CB573A005B8214 /* Neco_3.jpg */; };
		13285C2C21CB573A005B8214 /* Neco_3.jpg in Resources */ = {isa = PBXBuildFile; fileRef = 13285C2A21CB573A005B8214 /* Neco_3.jpg */; };
		13285C2E21CB573F005B8214 /* Neco_4.jpg in Resources */ = {isa = PBXBuildFile; fileRef = 13285C2D21CB573F005B8214 /* Neco_4.jpg */; };
		13285C2F21CB573F005B8214 /* Neco_4.jpg in Resources */ = {isa = PBXBuildFile; fileRef = 13285C2D21CB573F005B8214 /* Neco_4.jpg */; };
		13285C3221CB57FE005B8214 /* Layer_Select.cpp in Sources */ = {isa = PBXBuildFile; fileRef = 13285C3021CB57FE005B8214 /* Layer_Select.cpp */; };
		13285C3321CB57FE005B8214 /* Layer_Select.cpp in Sources */ = {isa = PBXBuildFile; fileRef = 13285C3021CB57FE005B8214 /* Layer_Select.cpp */; };
		132CB49521D6215700267FA4 /* Page_m1.cpp in Sources */ = {isa = PBXBuildFile; fileRef = 132CB49321D6215700267FA4 /* Page_m1.cpp */; };
		132CB49621D6227400267FA4 /* Page_m1.cpp in Sources */ = {isa = PBXBuildFile; fileRef = 132CB49321D6215700267FA4 /* Page_m1.cpp */; };
		132CB49A21D6232700267FA4 /* BattleDack.cpp in Sources */ = {isa = PBXBuildFile; fileRef = 132CB49821D6232700267FA4 /* BattleDack.cpp */; };
		132CB49C21D6266A00267FA4 /* BattleDack.cpp in Sources */ = {isa = PBXBuildFile; fileRef = 132CB49821D6232700267FA4 /* BattleDack.cpp */; };
		132CB49E21D6269F00267FA4 /* Dack.png in Resources */ = {isa = PBXBuildFile; fileRef = 132CB49D21D6269F00267FA4 /* Dack.png */; };
		132CB49F21D6269F00267FA4 /* Dack.png in Resources */ = {isa = PBXBuildFile; fileRef = 132CB49D21D6269F00267FA4 /* Dack.png */; };
		132CB4A321D6279D00267FA4 /* Dack.cpp in Sources */ = {isa = PBXBuildFile; fileRef = 132CB4A121D6279D00267FA4 /* Dack.cpp */; };
		132CB4A421D6279D00267FA4 /* Dack.cpp in Sources */ = {isa = PBXBuildFile; fileRef = 132CB4A121D6279D00267FA4 /* Dack.cpp */; };
		132CB4A721D62CFB00267FA4 /* Card.cpp in Sources */ = {isa = PBXBuildFile; fileRef = 132CB4A521D62CFB00267FA4 /* Card.cpp */; };
		132CB4A821D62CFB00267FA4 /* Card.cpp in Sources */ = {isa = PBXBuildFile; fileRef = 132CB4A521D62CFB00267FA4 /* Card.cpp */; };
		132CB4B221D6398E00267FA4 /* Card_6.png in Resources */ = {isa = PBXBuildFile; fileRef = 132CB4A921D6398D00267FA4 /* Card_6.png */; };
		132CB4B321D6398E00267FA4 /* Card_6.png in Resources */ = {isa = PBXBuildFile; fileRef = 132CB4A921D6398D00267FA4 /* Card_6.png */; };
		132CB4B421D6398E00267FA4 /* Card_9.png in Resources */ = {isa = PBXBuildFile; fileRef = 132CB4AA21D6398E00267FA4 /* Card_9.png */; };
		132CB4B521D6398E00267FA4 /* Card_9.png in Resources */ = {isa = PBXBuildFile; fileRef = 132CB4AA21D6398E00267FA4 /* Card_9.png */; };
		132CB4B621D6398E00267FA4 /* Card_3.png in Resources */ = {isa = PBXBuildFile; fileRef = 132CB4AB21D6398E00267FA4 /* Card_3.png */; };
		132CB4B721D6398E00267FA4 /* Card_3.png in Resources */ = {isa = PBXBuildFile; fileRef = 132CB4AB21D6398E00267FA4 /* Card_3.png */; };
		132CB4B821D6398E00267FA4 /* Card_1.png in Resources */ = {isa = PBXBuildFile; fileRef = 132CB4AC21D6398E00267FA4 /* Card_1.png */; };
		132CB4B921D6398E00267FA4 /* Card_1.png in Resources */ = {isa = PBXBuildFile; fileRef = 132CB4AC21D6398E00267FA4 /* Card_1.png */; };
		132CB4BA21D6398E00267FA4 /* Card_5.png in Resources */ = {isa = PBXBuildFile; fileRef = 132CB4AD21D6398E00267FA4 /* Card_5.png */; };
		132CB4BB21D6398E00267FA4 /* Card_5.png in Resources */ = {isa = PBXBuildFile; fileRef = 132CB4AD21D6398E00267FA4 /* Card_5.png */; };
		132CB4BC21D6398E00267FA4 /* Card_4.png in Resources */ = {isa = PBXBuildFile; fileRef = 132CB4AE21D6398E00267FA4 /* Card_4.png */; };
		132CB4BD21D6398E00267FA4 /* Card_4.png in Resources */ = {isa = PBXBuildFile; fileRef = 132CB4AE21D6398E00267FA4 /* Card_4.png */; };
		132CB4BE21D6398E00267FA4 /* Card_8.png in Resources */ = {isa = PBXBuildFile; fileRef = 132CB4AF21D6398E00267FA4 /* Card_8.png */; };
		132CB4BF21D6398E00267FA4 /* Card_8.png in Resources */ = {isa = PBXBuildFile; fileRef = 132CB4AF21D6398E00267FA4 /* Card_8.png */; };
		132CB4C021D6398E00267FA4 /* Card_7.png in Resources */ = {isa = PBXBuildFile; fileRef = 132CB4B021D6398E00267FA4 /* Card_7.png */; };
		132CB4C121D6398E00267FA4 /* Card_7.png in Resources */ = {isa = PBXBuildFile; fileRef = 132CB4B021D6398E00267FA4 /* Card_7.png */; };
		132CB4C221D6398E00267FA4 /* Card_2.png in Resources */ = {isa = PBXBuildFile; fileRef = 132CB4B121D6398E00267FA4 /* Card_2.png */; };
		132CB4C321D6398E00267FA4 /* Card_2.png in Resources */ = {isa = PBXBuildFile; fileRef = 132CB4B121D6398E00267FA4 /* Card_2.png */; };
		13323F3021D305E90062BA01 /* Profile_Mid.png in Resources */ = {isa = PBXBuildFile; fileRef = 13323F2F21D305E90062BA01 /* Profile_Mid.png */; };
		13323F3121D305E90062BA01 /* Profile_Mid.png in Resources */ = {isa = PBXBuildFile; fileRef = 13323F2F21D305E90062BA01 /* Profile_Mid.png */; };
		13323F3321D306420062BA01 /* Profile_Button.png in Resources */ = {isa = PBXBuildFile; fileRef = 13323F3221D306420062BA01 /* Profile_Button.png */; };
		13323F3421D306420062BA01 /* Profile_Button.png in Resources */ = {isa = PBXBuildFile; fileRef = 13323F3221D306420062BA01 /* Profile_Button.png */; };
		13323F3621D306470062BA01 /* Profile_Setting.png in Resources */ = {isa = PBXBuildFile; fileRef = 13323F3521D306460062BA01 /* Profile_Setting.png */; };
		13323F3721D306470062BA01 /* Profile_Setting.png in Resources */ = {isa = PBXBuildFile; fileRef = 13323F3521D306460062BA01 /* Profile_Setting.png */; };
		13323F3A21D306C80062BA01 /* Profile.cpp in Sources */ = {isa = PBXBuildFile; fileRef = 13323F3821D306C80062BA01 /* Profile.cpp */; };
		13323F3B21D306C80062BA01 /* Profile.cpp in Sources */ = {isa = PBXBuildFile; fileRef = 13323F3821D306C80062BA01 /* Profile.cpp */; };
		13323F3F21D3153B0062BA01 /* ItemBox.cpp in Sources */ = {isa = PBXBuildFile; fileRef = 13323F3D21D3153B0062BA01 /* ItemBox.cpp */; };
		13323F4021D3153B0062BA01 /* ItemBox.cpp in Sources */ = {isa = PBXBuildFile; fileRef = 13323F3D21D3153B0062BA01 /* ItemBox.cpp */; };
		13323F4221D317750062BA01 /* ItemBox.png in Resources */ = {isa = PBXBuildFile; fileRef = 13323F4121D317750062BA01 /* ItemBox.png */; };
		13323F4321D317750062BA01 /* ItemBox.png in Resources */ = {isa = PBXBuildFile; fileRef = 13323F4121D317750062BA01 /* ItemBox.png */; };
		13323F4821D31F780062BA01 /* Page_2.cpp in Sources */ = {isa = PBXBuildFile; fileRef = 13323F4621D31F780062BA01 /* Page_2.cpp */; };
		13323F4921D31F780062BA01 /* Page_2.cpp in Sources */ = {isa = PBXBuildFile; fileRef = 13323F4621D31F780062BA01 /* Page_2.cpp */; };
		13323F4D21D322A90062BA01 /* EventGroup.cpp in Sources */ = {isa = PBXBuildFile; fileRef = 13323F4B21D322A90062BA01 /* EventGroup.cpp */; };
		13323F4E21D322A90062BA01 /* EventGroup.cpp in Sources */ = {isa = PBXBuildFile; fileRef = 13323F4B21D322A90062BA01 /* EventGroup.cpp */; };
		13323F5021D324D30062BA01 /* EventGroup_00.png in Resources */ = {isa = PBXBuildFile; fileRef = 13323F4F21D324D20062BA01 /* EventGroup_00.png */; };
		13323F5121D324D30062BA01 /* EventGroup_00.png in Resources */ = {isa = PBXBuildFile; fileRef = 13323F4F21D324D20062BA01 /* EventGroup_00.png */; };
		13323F5A21D3786E0062BA01 /* VerticalLayer.cpp in Sources */ = {isa = PBXBuildFile; fileRef = 13323F5821D3786E0062BA01 /* VerticalLayer.cpp */; };
		13323F5B21D3786E0062BA01 /* VerticalLayer.cpp in Sources */ = {isa = PBXBuildFile; fileRef = 13323F5821D3786E0062BA01 /* VerticalLayer.cpp */; };
		1356EAE921CA3E0600746E03 /* Neco_Main.jpeg in Resources */ = {isa = PBXBuildFile; fileRef = 1356EAE821CA3E0600746E03 /* Neco_Main.jpeg */; };
		1356EAEA21CA3E0600746E03 /* Neco_Main.jpeg in Resources */ = {isa = PBXBuildFile; fileRef = 1356EAE821CA3E0600746E03 /* Neco_Main.jpeg */; };
		1356EAED21CA404500746E03 /* Layer_Main.cpp in Sources */ = {isa = PBXBuildFile; fileRef = 1356EAEB21CA404500746E03 /* Layer_Main.cpp */; };
		1356EAEE21CA404500746E03 /* Layer_Main.cpp in Sources */ = {isa = PBXBuildFile; fileRef = 1356EAEB21CA404500746E03 /* Layer_Main.cpp */; };
		1375B2BF21D5E02A00744AF6 /* Page_1.cpp in Sources */ = {isa = PBXBuildFile; fileRef = 1375B2BD21D5E02A00744AF6 /* Page_1.cpp */; };
		1375B2C021D5E4F800744AF6 /* Page_1.cpp in Sources */ = {isa = PBXBuildFile; fileRef = 1375B2BD21D5E02A00744AF6 /* Page_1.cpp */; };
		1375B2C421D5E77A00744AF6 /* Book.png in Resources */ = {isa = PBXBuildFile; fileRef = 1375B2C121D5E77A00744AF6 /* Book.png */; };
		1375B2C521D5E77A00744AF6 /* Book.png in Resources */ = {isa = PBXBuildFile; fileRef = 1375B2C121D5E77A00744AF6 /* Book.png */; };
		1375B2C621D5E77A00744AF6 /* Crystal.png in Resources */ = {isa = PBXBuildFile; fileRef = 1375B2C221D5E77A00744AF6 /* Crystal.png */; };
		1375B2C721D5E77A00744AF6 /* Crystal.png in Resources */ = {isa = PBXBuildFile; fileRef = 1375B2C221D5E77A00744AF6 /* Crystal.png */; };
		1375B2C821D5E77A00744AF6 /* Money.png in Resources */ = {isa = PBXBuildFile; fileRef = 1375B2C321D5E77A00744AF6 /* Money.png */; };
		1375B2C921D5E77A00744AF6 /* Money.png in Resources */ = {isa = PBXBuildFile; fileRef = 1375B2C321D5E77A00744AF6 /* Money.png */; };
		1375B2CB21D5EA6400744AF6 /* ClanTab.png in Resources */ = {isa = PBXBuildFile; fileRef = 1375B2CA21D5EA6300744AF6 /* ClanTab.png */; };
		1375B2CC21D5EA6400744AF6 /* ClanTab.png in Resources */ = {isa = PBXBuildFile; fileRef = 1375B2CA21D5EA6300744AF6 /* ClanTab.png */; };
		1375B2CF21D5EF2300744AF6 /* TabClan.cpp in Sources */ = {isa = PBXBuildFile; fileRef = 1375B2CD21D5EF2300744AF6 /* TabClan.cpp */; };
		1375B2D021D5EF2300744AF6 /* TabClan.cpp in Sources */ = {isa = PBXBuildFile; fileRef = 1375B2CD21D5EF2300744AF6 /* TabClan.cpp */; };
		1375B2D421D5EF6B00744AF6 /* TabSociety.cpp in Sources */ = {isa = PBXBuildFile; fileRef = 1375B2D221D5EF6B00744AF6 /* TabSociety.cpp */; };
		1375B2D521D5EF6B00744AF6 /* TabSociety.cpp in Sources */ = {isa = PBXBuildFile; fileRef = 1375B2D221D5EF6B00744AF6 /* TabSociety.cpp */; };
		1375B2D821D5EF8000744AF6 /* TabFriend.cpp in Sources */ = {isa = PBXBuildFile; fileRef = 1375B2D621D5EF8000744AF6 /* TabFriend.cpp */; };
		1375B2D921D5EF8000744AF6 /* TabFriend.cpp in Sources */ = {isa = PBXBuildFile; fileRef = 1375B2D621D5EF8000744AF6 /* TabFriend.cpp */; };
		1375B2DC21D5EF8E00744AF6 /* TabBase.cpp in Sources */ = {isa = PBXBuildFile; fileRef = 1375B2DA21D5EF8E00744AF6 /* TabBase.cpp */; };
		1375B2DD21D5EF8E00744AF6 /* TabBase.cpp in Sources */ = {isa = PBXBuildFile; fileRef = 1375B2DA21D5EF8E00744AF6 /* TabBase.cpp */; };
		1375B2DF21D5FFA600744AF6 /* SocietyTab.png in Resources */ = {isa = PBXBuildFile; fileRef = 1375B2DE21D5FFA600744AF6 /* SocietyTab.png */; };
		1375B2E021D5FFA600744AF6 /* SocietyTab.png in Resources */ = {isa = PBXBuildFile; fileRef = 1375B2DE21D5FFA600744AF6 /* SocietyTab.png */; };
		1375B2E421D6061800744AF6 /* Clan_On.png in Resources */ = {isa = PBXBuildFile; fileRef = 1375B2E121D6061700744AF6 /* Clan_On.png */; };
		1375B2E521D6061800744AF6 /* Clan_On.png in Resources */ = {isa = PBXBuildFile; fileRef = 1375B2E121D6061700744AF6 /* Clan_On.png */; };
		1375B2E621D6061800744AF6 /* Friend_On.png in Resources */ = {isa = PBXBuildFile; fileRef = 1375B2E221D6061700744AF6 /* Friend_On.png */; };
		1375B2E721D6061800744AF6 /* Friend_On.png in Resources */ = {isa = PBXBuildFile; fileRef = 1375B2E221D6061700744AF6 /* Friend_On.png */; };
		1375B2E821D6061800744AF6 /* Society_On.png in Resources */ = {isa = PBXBuildFile; fileRef = 1375B2E321D6061800744AF6 /* Society_On.png */; };
		1375B2E921D6061800744AF6 /* Society_On.png in Resources */ = {isa = PBXBuildFile; fileRef = 1375B2E321D6061800744AF6 /* Society_On.png */; };
		1375B2EB21D6142100744AF6 /* Clan_Off.png in Resources */ = {isa = PBXBuildFile; fileRef = 1375B2EA21D6142100744AF6 /* Clan_Off.png */; };
		1375B2EC21D6142100744AF6 /* Clan_Off.png in Resources */ = {isa = PBXBuildFile; fileRef = 1375B2EA21D6142100744AF6 /* Clan_Off.png */; };
		1375B2EE21D6184700744AF6 /* Society_Off.png in Resources */ = {isa = PBXBuildFile; fileRef = 1375B2ED21D6184700744AF6 /* Society_Off.png */; };
		1375B2EF21D6184700744AF6 /* Society_Off.png in Resources */ = {isa = PBXBuildFile; fileRef = 1375B2ED21D6184700744AF6 /* Society_Off.png */; };
		1375B2F121D6184D00744AF6 /* Friend_Off.png in Resources */ = {isa = PBXBuildFile; fileRef = 1375B2F021D6184D00744AF6 /* Friend_Off.png */; };
		1375B2F221D6184D00744AF6 /* Friend_Off.png in Resources */ = {isa = PBXBuildFile; fileRef = 1375B2F021D6184D00744AF6 /* Friend_Off.png */; };
		1375B2F421D61D0C00744AF6 /* FriendTab.png in Resources */ = {isa = PBXBuildFile; fileRef = 1375B2F321D61D0C00744AF6 /* FriendTab.png */; };
		1375B2F521D61D0C00744AF6 /* FriendTab.png in Resources */ = {isa = PBXBuildFile; fileRef = 1375B2F321D61D0C00744AF6 /* FriendTab.png */; };
		1399564C21D474E4004DE14E /* EventIcon.cpp in Sources */ = {isa = PBXBuildFile; fileRef = 1399564A21D474E4004DE14E /* EventIcon.cpp */; };
		1399564E21D47C21004DE14E /* EventIcon.cpp in Sources */ = {isa = PBXBuildFile; fileRef = 1399564A21D474E4004DE14E /* EventIcon.cpp */; };
		1399565121D4BA59004DE14E /* PopupPage.cpp in Sources */ = {isa = PBXBuildFile; fileRef = 1399564F21D4BA59004DE14E /* PopupPage.cpp */; };
		1399565221D4BA59004DE14E /* PopupPage.cpp in Sources */ = {isa = PBXBuildFile; fileRef = 1399564F21D4BA59004DE14E /* PopupPage.cpp */; };
		1399566021D5B2D1004DE14E /* EventGroup_01.png in Resources */ = {isa = PBXBuildFile; fileRef = 1399565F21D5B2D1004DE14E /* EventGroup_01.png */; };
		1399566121D5B2D1004DE14E /* EventGroup_01.png in Resources */ = {isa = PBXBuildFile; fileRef = 1399565F21D5B2D1004DE14E /* EventGroup_01.png */; };
		1399566621D5B7B6004DE14E /* EventItem_00.png in Resources */ = {isa = PBXBuildFile; fileRef = 1399566521D5B7B6004DE14E /* EventItem_00.png */; };
		1399566721D5B7B6004DE14E /* EventItem_00.png in Resources */ = {isa = PBXBuildFile; fileRef = 1399566521D5B7B6004DE14E /* EventItem_00.png */; };
		1399566921D5B7C5004DE14E /* EventItem_01.png in Resources */ = {isa = PBXBuildFile; fileRef = 1399566821D5B7C5004DE14E /* EventItem_01.png */; };
		1399566A21D5B7C5004DE14E /* EventItem_01.png in Resources */ = {isa = PBXBuildFile; fileRef = 1399566821D5B7C5004DE14E /* EventItem_01.png */; };
		1399566D21D5BD88004DE14E /* EventGroup_01.cpp in Sources */ = {isa = PBXBuildFile; fileRef = 1399566B21D5BD88004DE14E /* EventGroup_01.cpp */; };
		1399566E21D5BD88004DE14E /* EventGroup_01.cpp in Sources */ = {isa = PBXBuildFile; fileRef = 1399566B21D5BD88004DE14E /* EventGroup_01.cpp */; };
		1399567221D5C461004DE14E /* EventIconMaker.cpp in Sources */ = {isa = PBXBuildFile; fileRef = 1399567021D5C461004DE14E /* EventIconMaker.cpp */; };
		1399567321D5C461004DE14E /* EventIconMaker.cpp in Sources */ = {isa = PBXBuildFile; fileRef = 1399567021D5C461004DE14E /* EventIconMaker.cpp */; };
		1399567721D5C51E004DE14E /* EventIconMaker_01.cpp in Sources */ = {isa = PBXBuildFile; fileRef = 1399567521D5C51E004DE14E /* EventIconMaker_01.cpp */; };
		1399567821D5C51E004DE14E /* EventIconMaker_01.cpp in Sources */ = {isa = PBXBuildFile; fileRef = 1399567521D5C51E004DE14E /* EventIconMaker_01.cpp */; };
		1399567B21D5C92A004DE14E /* EventIcon_01.cpp in Sources */ = {isa = PBXBuildFile; fileRef = 1399567921D5C92A004DE14E /* EventIcon_01.cpp */; };
		1399567C21D5C92A004DE14E /* EventIcon_01.cpp in Sources */ = {isa = PBXBuildFile; fileRef = 1399567921D5C92A004DE14E /* EventIcon_01.cpp */; };
		1A88B2641FC3D9C9005C14AE /* Images.xcassets in Resources */ = {isa = PBXBuildFile; fileRef = 1A88B2631FC3D9C9005C14AE /* Images.xcassets */; };
		1AC6FB21180E996B004C840B /* libcocos2d Mac.a in Frameworks */ = {isa = PBXBuildFile; fileRef = 1AC6FAF9180E9839004C840B /* libcocos2d Mac.a */; };
		1AC6FB30180E99EB004C840B /* libcocos2d iOS.a in Frameworks */ = {isa = PBXBuildFile; fileRef = 1AC6FB07180E9839004C840B /* libcocos2d iOS.a */; };
		1AF87B781F6F77F7007BE51C /* AppController.mm in Sources */ = {isa = PBXBuildFile; fileRef = 1AF87B481F6F77D6007BE51C /* AppController.mm */; };
		1AF87B881F6F781D007BE51C /* LaunchScreen.storyboard in Resources */ = {isa = PBXBuildFile; fileRef = 1AF87B591F6F77D6007BE51C /* LaunchScreen.storyboard */; };
		1AF87B891F6F781D007BE51C /* LaunchScreenBackground.png in Resources */ = {isa = PBXBuildFile; fileRef = 1AF87B5A1F6F77D6007BE51C /* LaunchScreenBackground.png */; };
		1AF87B8A1F6F7822007BE51C /* main.m in Sources */ = {isa = PBXBuildFile; fileRef = 1AF87B5B1F6F77D6007BE51C /* main.m */; };
		1AF87B8B1F6F782A007BE51C /* RootViewController.mm in Sources */ = {isa = PBXBuildFile; fileRef = 1AF87B5E1F6F77D6007BE51C /* RootViewController.mm */; };
		1D60589F0D05DD5A006BFB54 /* Foundation.framework in Frameworks */ = {isa = PBXBuildFile; fileRef = 1D30AB110D05D00D00671497 /* Foundation.framework */; };
		1DF5F4E00D08C38300B7A737 /* UIKit.framework in Frameworks */ = {isa = PBXBuildFile; fileRef = 1DF5F4DF0D08C38300B7A737 /* UIKit.framework */; };
		288765A50DF7441C002DB57D /* CoreGraphics.framework in Frameworks */ = {isa = PBXBuildFile; fileRef = 288765A40DF7441C002DB57D /* CoreGraphics.framework */; };
		294D0D641D0D56D500F7F5D4 /* CoreText.framework in Frameworks */ = {isa = PBXBuildFile; fileRef = 294D0D631D0D56D500F7F5D4 /* CoreText.framework */; };
		3EACC98F19EE6D4300EB3C5E /* res in Resources */ = {isa = PBXBuildFile; fileRef = 3EACC98E19EE6D4300EB3C5E /* res */; };
		3EACC99019EE6D4300EB3C5E /* res in Resources */ = {isa = PBXBuildFile; fileRef = 3EACC98E19EE6D4300EB3C5E /* res */; };
		46880B7B19C43A67006E1F66 /* CloseNormal.png in Resources */ = {isa = PBXBuildFile; fileRef = 46880B7619C43A67006E1F66 /* CloseNormal.png */; };
		46880B7C19C43A67006E1F66 /* CloseNormal.png in Resources */ = {isa = PBXBuildFile; fileRef = 46880B7619C43A67006E1F66 /* CloseNormal.png */; };
		46880B7D19C43A67006E1F66 /* CloseSelected.png in Resources */ = {isa = PBXBuildFile; fileRef = 46880B7719C43A67006E1F66 /* CloseSelected.png */; };
		46880B7E19C43A67006E1F66 /* CloseSelected.png in Resources */ = {isa = PBXBuildFile; fileRef = 46880B7719C43A67006E1F66 /* CloseSelected.png */; };
		46880B8119C43A67006E1F66 /* HelloWorld.png in Resources */ = {isa = PBXBuildFile; fileRef = 46880B7A19C43A67006E1F66 /* HelloWorld.png */; };
		46880B8219C43A67006E1F66 /* HelloWorld.png in Resources */ = {isa = PBXBuildFile; fileRef = 46880B7A19C43A67006E1F66 /* HelloWorld.png */; };
		46880B8819C43A87006E1F66 /* AppDelegate.cpp in Sources */ = {isa = PBXBuildFile; fileRef = 46880B8419C43A87006E1F66 /* AppDelegate.cpp */; };
		46880B8919C43A87006E1F66 /* AppDelegate.cpp in Sources */ = {isa = PBXBuildFile; fileRef = 46880B8419C43A87006E1F66 /* AppDelegate.cpp */; };
		46880B8A19C43A87006E1F66 /* SelectScene.cpp in Sources */ = {isa = PBXBuildFile; fileRef = 46880B8619C43A87006E1F66 /* SelectScene.cpp */; };
		46880B8B19C43A87006E1F66 /* SelectScene.cpp in Sources */ = {isa = PBXBuildFile; fileRef = 46880B8619C43A87006E1F66 /* SelectScene.cpp */; };
		503AE0F817EB97AB00D1A890 /* Icon.icns in Resources */ = {isa = PBXBuildFile; fileRef = 503AE0F617EB97AB00D1A890 /* Icon.icns */; };
		503AE10517EB98FF00D1A890 /* main.cpp in Sources */ = {isa = PBXBuildFile; fileRef = 503AE10317EB98FF00D1A890 /* main.cpp */; };
		503AE11B17EB9C5A00D1A890 /* IOKit.framework in Frameworks */ = {isa = PBXBuildFile; fileRef = 503AE11A17EB9C5A00D1A890 /* IOKit.framework */; };
		5087E76317EB910900C73F5D /* Foundation.framework in Frameworks */ = {isa = PBXBuildFile; fileRef = 1D30AB110D05D00D00671497 /* Foundation.framework */; };
		5087E76717EB910900C73F5D /* libz.dylib in Frameworks */ = {isa = PBXBuildFile; fileRef = BF170DB412928DE900B8313A /* libz.dylib */; };
		5087E76817EB910900C73F5D /* QuartzCore.framework in Frameworks */ = {isa = PBXBuildFile; fileRef = BF1C47EA1293683800B63C5D /* QuartzCore.framework */; };
		5087E76917EB910900C73F5D /* OpenAL.framework in Frameworks */ = {isa = PBXBuildFile; fileRef = D44C620B132DFF330009C878 /* OpenAL.framework */; };
		5087E76A17EB910900C73F5D /* AVFoundation.framework in Frameworks */ = {isa = PBXBuildFile; fileRef = D44C620D132DFF430009C878 /* AVFoundation.framework */; };
		5087E76B17EB910900C73F5D /* AudioToolbox.framework in Frameworks */ = {isa = PBXBuildFile; fileRef = D44C620F132DFF4E0009C878 /* AudioToolbox.framework */; };
		5087E78917EB974C00C73F5D /* AppKit.framework in Frameworks */ = {isa = PBXBuildFile; fileRef = 5087E78817EB974C00C73F5D /* AppKit.framework */; };
		5087E78B17EB975400C73F5D /* OpenGL.framework in Frameworks */ = {isa = PBXBuildFile; fileRef = 5087E78A17EB975400C73F5D /* OpenGL.framework */; };
		521A8EA919F11F5000D177D7 /* fonts in Resources */ = {isa = PBXBuildFile; fileRef = 521A8EA819F11F5000D177D7 /* fonts */; };
		521A8EAA19F11F5000D177D7 /* fonts in Resources */ = {isa = PBXBuildFile; fileRef = 521A8EA819F11F5000D177D7 /* fonts */; };
		52B47A471A53D09C004E4C60 /* Security.framework in Frameworks */ = {isa = PBXBuildFile; fileRef = 52B47A461A53D09B004E4C60 /* Security.framework */; };
		8262943E1AAF051F00CB7CF7 /* Security.framework in Frameworks */ = {isa = PBXBuildFile; fileRef = 8262943D1AAF051F00CB7CF7 /* Security.framework */; };
		BF171245129291EC00B8313A /* OpenGLES.framework in Frameworks */ = {isa = PBXBuildFile; fileRef = BF170DB012928DE900B8313A /* OpenGLES.framework */; };
		BF1712471292920000B8313A /* libz.dylib in Frameworks */ = {isa = PBXBuildFile; fileRef = BF170DB412928DE900B8313A /* libz.dylib */; };
		BF1C47F01293687400B63C5D /* QuartzCore.framework in Frameworks */ = {isa = PBXBuildFile; fileRef = BF1C47EA1293683800B63C5D /* QuartzCore.framework */; };
		D44C620C132DFF330009C878 /* OpenAL.framework in Frameworks */ = {isa = PBXBuildFile; fileRef = D44C620B132DFF330009C878 /* OpenAL.framework */; };
		D44C620E132DFF430009C878 /* AVFoundation.framework in Frameworks */ = {isa = PBXBuildFile; fileRef = D44C620D132DFF430009C878 /* AVFoundation.framework */; };
		D44C6210132DFF4E0009C878 /* AudioToolbox.framework in Frameworks */ = {isa = PBXBuildFile; fileRef = D44C620F132DFF4E0009C878 /* AudioToolbox.framework */; };
		D6B0611B1803AB670077942B /* CoreMotion.framework in Frameworks */ = {isa = PBXBuildFile; fileRef = D6B0611A1803AB670077942B /* CoreMotion.framework */; };
		ED545A7C1B68A1F400C3958E /* libiconv.dylib in Frameworks */ = {isa = PBXBuildFile; fileRef = ED545A7B1B68A1F400C3958E /* libiconv.dylib */; };
		ED545A7E1B68A1FA00C3958E /* libiconv.dylib in Frameworks */ = {isa = PBXBuildFile; fileRef = ED545A7D1B68A1FA00C3958E /* libiconv.dylib */; };
/* End PBXBuildFile section */

/* Begin PBXContainerItemProxy section */
		1A7533E21F6F75F6007E8E6F /* PBXContainerItemProxy */ = {
			isa = PBXContainerItemProxy;
			containerPortal = 1AC6FAE5180E9839004C840B /* cocos2d_libs.xcodeproj */;
			proxyType = 2;
			remoteGlobalIDString = 507B40FD1C31BDD30067B53E;
			remoteInfo = "libcocos2d tvOS";
		};
		1AC6FAF8180E9839004C840B /* PBXContainerItemProxy */ = {
			isa = PBXContainerItemProxy;
			containerPortal = 1AC6FAE5180E9839004C840B /* cocos2d_libs.xcodeproj */;
			proxyType = 2;
			remoteGlobalIDString = 1551A33F158F2AB200E66CFE;
			remoteInfo = "cocos2dx Mac";
		};
		1AC6FB06180E9839004C840B /* PBXContainerItemProxy */ = {
			isa = PBXContainerItemProxy;
			containerPortal = 1AC6FAE5180E9839004C840B /* cocos2d_libs.xcodeproj */;
			proxyType = 2;
			remoteGlobalIDString = A07A4D641783777C0073F6A7;
			remoteInfo = "cocos2dx iOS";
		};
		1AC6FB15180E9959004C840B /* PBXContainerItemProxy */ = {
			isa = PBXContainerItemProxy;
			containerPortal = 1AC6FAE5180E9839004C840B /* cocos2d_libs.xcodeproj */;
			proxyType = 1;
			remoteGlobalIDString = 1551A33E158F2AB200E66CFE;
			remoteInfo = "cocos2dx Mac";
		};
		1AC6FB24180E99E1004C840B /* PBXContainerItemProxy */ = {
			isa = PBXContainerItemProxy;
			containerPortal = 1AC6FAE5180E9839004C840B /* cocos2d_libs.xcodeproj */;
			proxyType = 1;
			remoteGlobalIDString = A07A4C241783777C0073F6A7;
			remoteInfo = "cocos2dx iOS";
		};
/* End PBXContainerItemProxy section */

/* Begin PBXFileReference section */
		132278C921D0732D0047B6B8 /* Page.hpp */ = {isa = PBXFileReference; fileEncoding = 4; lastKnownFileType = sourcecode.cpp.h; path = Page.hpp; sourceTree = "<group>"; };
		132278CA21D0732D0047B6B8 /* Page.cpp */ = {isa = PBXFileReference; fileEncoding = 4; lastKnownFileType = sourcecode.cpp.cpp; path = Page.cpp; sourceTree = "<group>"; };
		132278D021D09E100047B6B8 /* Layer_Base.cpp */ = {isa = PBXFileReference; lastKnownFileType = sourcecode.cpp.cpp; path = Layer_Base.cpp; sourceTree = "<group>"; };
		132278D121D09E100047B6B8 /* Layer_Base.hpp */ = {isa = PBXFileReference; lastKnownFileType = sourcecode.cpp.h; path = Layer_Base.hpp; sourceTree = "<group>"; };
		132278D721D0B1610047B6B8 /* Pannel.png */ = {isa = PBXFileReference; lastKnownFileType = image.png; path = Pannel.png; sourceTree = "<group>"; };
		132278E621D0D3410047B6B8 /* Page_0.cpp */ = {isa = PBXFileReference; fileEncoding = 4; lastKnownFileType = sourcecode.cpp.cpp; path = Page_0.cpp; sourceTree = "<group>"; };
		132278E721D0D3410047B6B8 /* Page_0.hpp */ = {isa = PBXFileReference; fileEncoding = 4; lastKnownFileType = sourcecode.cpp.h; path = Page_0.hpp; sourceTree = "<group>"; };
		132278EE21D0DBC50047B6B8 /* Button.hpp */ = {isa = PBXFileReference; fileEncoding = 4; lastKnownFileType = sourcecode.cpp.h; path = Button.hpp; sourceTree = "<group>"; };
		132278F021D0DBC50047B6B8 /* Button.cpp */ = {isa = PBXFileReference; fileEncoding = 4; lastKnownFileType = sourcecode.cpp.cpp; path = Button.cpp; sourceTree = "<group>"; };
		13285C2421CB5588005B8214 /* Neco_1.jpg */ = {isa = PBXFileReference; lastKnownFileType = image.jpeg; path = Neco_1.jpg; sourceTree = "<group>"; };
		13285C2721CB5621005B8214 /* Neco_2.jpg */ = {isa = PBXFileReference; lastKnownFileType = image.jpeg; path = Neco_2.jpg; sourceTree = "<group>"; };
		13285C2A21CB573A005B8214 /* Neco_3.jpg */ = {isa = PBXFileReference; lastKnownFileType = image.jpeg; path = Neco_3.jpg; sourceTree = "<group>"; };
		13285C2D21CB573F005B8214 /* Neco_4.jpg */ = {isa = PBXFileReference; lastKnownFileType = image.jpeg; path = Neco_4.jpg; sourceTree = "<group>"; };
		13285C3021CB57FE005B8214 /* Layer_Select.cpp */ = {isa = PBXFileReference; lastKnownFileType = sourcecode.cpp.cpp; path = Layer_Select.cpp; sourceTree = "<group>"; };
		13285C3121CB57FE005B8214 /* Layer_Select.hpp */ = {isa = PBXFileReference; lastKnownFileType = sourcecode.cpp.h; path = Layer_Select.hpp; sourceTree = "<group>"; };
		132CB49321D6215700267FA4 /* Page_m1.cpp */ = {isa = PBXFileReference; lastKnownFileType = sourcecode.cpp.cpp; path = Page_m1.cpp; sourceTree = "<group>"; };
		132CB49421D6215700267FA4 /* Page_m1.hpp */ = {isa = PBXFileReference; lastKnownFileType = sourcecode.cpp.h; path = Page_m1.hpp; sourceTree = "<group>"; };
		132CB49821D6232700267FA4 /* BattleDack.cpp */ = {isa = PBXFileReference; lastKnownFileType = sourcecode.cpp.cpp; path = BattleDack.cpp; sourceTree = "<group>"; };
		132CB49921D6232700267FA4 /* BattleDack.hpp */ = {isa = PBXFileReference; lastKnownFileType = sourcecode.cpp.h; path = BattleDack.hpp; sourceTree = "<group>"; };
		132CB49D21D6269F00267FA4 /* Dack.png */ = {isa = PBXFileReference; lastKnownFileType = image.png; path = Dack.png; sourceTree = "<group>"; };
		132CB4A121D6279D00267FA4 /* Dack.cpp */ = {isa = PBXFileReference; lastKnownFileType = sourcecode.cpp.cpp; path = Dack.cpp; sourceTree = "<group>"; };
		132CB4A221D6279D00267FA4 /* Dack.hpp */ = {isa = PBXFileReference; lastKnownFileType = sourcecode.cpp.h; path = Dack.hpp; sourceTree = "<group>"; };
		132CB4A521D62CFB00267FA4 /* Card.cpp */ = {isa = PBXFileReference; lastKnownFileType = sourcecode.cpp.cpp; path = Card.cpp; sourceTree = "<group>"; };
		132CB4A621D62CFB00267FA4 /* Card.hpp */ = {isa = PBXFileReference; lastKnownFileType = sourcecode.cpp.h; path = Card.hpp; sourceTree = "<group>"; };
		132CB4A921D6398D00267FA4 /* Card_6.png */ = {isa = PBXFileReference; lastKnownFileType = image.png; path = Card_6.png; sourceTree = "<group>"; };
		132CB4AA21D6398E00267FA4 /* Card_9.png */ = {isa = PBXFileReference; lastKnownFileType = image.png; path = Card_9.png; sourceTree = "<group>"; };
		132CB4AB21D6398E00267FA4 /* Card_3.png */ = {isa = PBXFileReference; lastKnownFileType = image.png; path = Card_3.png; sourceTree = "<group>"; };
		132CB4AC21D6398E00267FA4 /* Card_1.png */ = {isa = PBXFileReference; lastKnownFileType = image.png; path = Card_1.png; sourceTree = "<group>"; };
		132CB4AD21D6398E00267FA4 /* Card_5.png */ = {isa = PBXFileReference; lastKnownFileType = image.png; path = Card_5.png; sourceTree = "<group>"; };
		132CB4AE21D6398E00267FA4 /* Card_4.png */ = {isa = PBXFileReference; lastKnownFileType = image.png; path = Card_4.png; sourceTree = "<group>"; };
		132CB4AF21D6398E00267FA4 /* Card_8.png */ = {isa = PBXFileReference; lastKnownFileType = image.png; path = Card_8.png; sourceTree = "<group>"; };
		132CB4B021D6398E00267FA4 /* Card_7.png */ = {isa = PBXFileReference; lastKnownFileType = image.png; path = Card_7.png; sourceTree = "<group>"; };
		132CB4B121D6398E00267FA4 /* Card_2.png */ = {isa = PBXFileReference; lastKnownFileType = image.png; path = Card_2.png; sourceTree = "<group>"; };
		13323F2F21D305E90062BA01 /* Profile_Mid.png */ = {isa = PBXFileReference; lastKnownFileType = image.png; name = Profile_Mid.png; path = ../../../YourGame/Resources/Profile_Mid.png; sourceTree = "<group>"; };
		13323F3221D306420062BA01 /* Profile_Button.png */ = {isa = PBXFileReference; lastKnownFileType = image.png; name = Profile_Button.png; path = ../../../YourGame/Resources/Profile_Button.png; sourceTree = "<group>"; };
		13323F3521D306460062BA01 /* Profile_Setting.png */ = {isa = PBXFileReference; lastKnownFileType = image.png; name = Profile_Setting.png; path = ../../../YourGame/Resources/Profile_Setting.png; sourceTree = "<group>"; };
		13323F3821D306C80062BA01 /* Profile.cpp */ = {isa = PBXFileReference; lastKnownFileType = sourcecode.cpp.cpp; path = Profile.cpp; sourceTree = "<group>"; };
		13323F3921D306C80062BA01 /* Profile.hpp */ = {isa = PBXFileReference; lastKnownFileType = sourcecode.cpp.h; path = Profile.hpp; sourceTree = "<group>"; };
		13323F3D21D3153B0062BA01 /* ItemBox.cpp */ = {isa = PBXFileReference; lastKnownFileType = sourcecode.cpp.cpp; path = ItemBox.cpp; sourceTree = "<group>"; };
		13323F3E21D3153B0062BA01 /* ItemBox.hpp */ = {isa = PBXFileReference; lastKnownFileType = sourcecode.cpp.h; path = ItemBox.hpp; sourceTree = "<group>"; };
		13323F4121D317750062BA01 /* ItemBox.png */ = {isa = PBXFileReference; lastKnownFileType = image.png; name = ItemBox.png; path = ../../../YourGame/Resources/ItemBox.png; sourceTree = "<group>"; };
		13323F4621D31F780062BA01 /* Page_2.cpp */ = {isa = PBXFileReference; lastKnownFileType = sourcecode.cpp.cpp; path = Page_2.cpp; sourceTree = "<group>"; };
		13323F4721D31F780062BA01 /* Page_2.hpp */ = {isa = PBXFileReference; lastKnownFileType = sourcecode.cpp.h; path = Page_2.hpp; sourceTree = "<group>"; };
		13323F4B21D322A90062BA01 /* EventGroup.cpp */ = {isa = PBXFileReference; lastKnownFileType = sourcecode.cpp.cpp; path = EventGroup.cpp; sourceTree = "<group>"; };
		13323F4C21D322A90062BA01 /* EventGroup.hpp */ = {isa = PBXFileReference; lastKnownFileType = sourcecode.cpp.h; path = EventGroup.hpp; sourceTree = "<group>"; };
		13323F4F21D324D20062BA01 /* EventGroup_00.png */ = {isa = PBXFileReference; lastKnownFileType = image.png; path = EventGroup_00.png; sourceTree = "<group>"; };
		13323F5821D3786E0062BA01 /* VerticalLayer.cpp */ = {isa = PBXFileReference; lastKnownFileType = sourcecode.cpp.cpp; name = VerticalLayer.cpp; path = ../VerticalLayer.cpp; sourceTree = "<group>"; };
		13323F5921D3786E0062BA01 /* VerticalLayer.hpp */ = {isa = PBXFileReference; lastKnownFileType = sourcecode.cpp.h; name = VerticalLayer.hpp; path = ../VerticalLayer.hpp; sourceTree = "<group>"; };
		1356EAE821CA3E0600746E03 /* Neco_Main.jpeg */ = {isa = PBXFileReference; lastKnownFileType = image.jpeg; path = Neco_Main.jpeg; sourceTree = "<group>"; };
		1356EAEB21CA404500746E03 /* Layer_Main.cpp */ = {isa = PBXFileReference; lastKnownFileType = sourcecode.cpp.cpp; path = Layer_Main.cpp; sourceTree = "<group>"; };
		1356EAEC21CA404500746E03 /* Layer_Main.hpp */ = {isa = PBXFileReference; lastKnownFileType = sourcecode.cpp.h; path = Layer_Main.hpp; sourceTree = "<group>"; };
		1375B2BD21D5E02A00744AF6 /* Page_1.cpp */ = {isa = PBXFileReference; lastKnownFileType = sourcecode.cpp.cpp; path = Page_1.cpp; sourceTree = "<group>"; };
		1375B2BE21D5E02A00744AF6 /* Page_1.hpp */ = {isa = PBXFileReference; lastKnownFileType = sourcecode.cpp.h; path = Page_1.hpp; sourceTree = "<group>"; };
		1375B2C121D5E77A00744AF6 /* Book.png */ = {isa = PBXFileReference; lastKnownFileType = image.png; path = Book.png; sourceTree = "<group>"; };
		1375B2C221D5E77A00744AF6 /* Crystal.png */ = {isa = PBXFileReference; lastKnownFileType = image.png; path = Crystal.png; sourceTree = "<group>"; };
		1375B2C321D5E77A00744AF6 /* Money.png */ = {isa = PBXFileReference; lastKnownFileType = image.png; path = Money.png; sourceTree = "<group>"; };
		1375B2CA21D5EA6300744AF6 /* ClanTab.png */ = {isa = PBXFileReference; lastKnownFileType = image.png; path = ClanTab.png; sourceTree = "<group>"; };
		1375B2CD21D5EF2300744AF6 /* TabClan.cpp */ = {isa = PBXFileReference; lastKnownFileType = sourcecode.cpp.cpp; path = TabClan.cpp; sourceTree = "<group>"; };
		1375B2CE21D5EF2300744AF6 /* TabClan.hpp */ = {isa = PBXFileReference; lastKnownFileType = sourcecode.cpp.h; path = TabClan.hpp; sourceTree = "<group>"; };
		1375B2D221D5EF6B00744AF6 /* TabSociety.cpp */ = {isa = PBXFileReference; lastKnownFileType = sourcecode.cpp.cpp; path = TabSociety.cpp; sourceTree = "<group>"; };
		1375B2D321D5EF6B00744AF6 /* TabSociety.hpp */ = {isa = PBXFileReference; lastKnownFileType = sourcecode.cpp.h; path = TabSociety.hpp; sourceTree = "<group>"; };
		1375B2D621D5EF8000744AF6 /* TabFriend.cpp */ = {isa = PBXFileReference; lastKnownFileType = sourcecode.cpp.cpp; path = TabFriend.cpp; sourceTree = "<group>"; };
		1375B2D721D5EF8000744AF6 /* TabFriend.hpp */ = {isa = PBXFileReference; lastKnownFileType = sourcecode.cpp.h; path = TabFriend.hpp; sourceTree = "<group>"; };
		1375B2DA21D5EF8E00744AF6 /* TabBase.cpp */ = {isa = PBXFileReference; lastKnownFileType = sourcecode.cpp.cpp; path = TabBase.cpp; sourceTree = "<group>"; };
		1375B2DB21D5EF8E00744AF6 /* TabBase.hpp */ = {isa = PBXFileReference; lastKnownFileType = sourcecode.cpp.h; path = TabBase.hpp; sourceTree = "<group>"; };
		1375B2DE21D5FFA600744AF6 /* SocietyTab.png */ = {isa = PBXFileReference; lastKnownFileType = image.png; path = SocietyTab.png; sourceTree = "<group>"; };
		1375B2E121D6061700744AF6 /* Clan_On.png */ = {isa = PBXFileReference; lastKnownFileType = image.png; path = Clan_On.png; sourceTree = "<group>"; };
		1375B2E221D6061700744AF6 /* Friend_On.png */ = {isa = PBXFileReference; lastKnownFileType = image.png; path = Friend_On.png; sourceTree = "<group>"; };
		1375B2E321D6061800744AF6 /* Society_On.png */ = {isa = PBXFileReference; lastKnownFileType = image.png; path = Society_On.png; sourceTree = "<group>"; };
		1375B2EA21D6142100744AF6 /* Clan_Off.png */ = {isa = PBXFileReference; lastKnownFileType = image.png; path = Clan_Off.png; sourceTree = "<group>"; };
		1375B2ED21D6184700744AF6 /* Society_Off.png */ = {isa = PBXFileReference; lastKnownFileType = image.png; path = Society_Off.png; sourceTree = "<group>"; };
		1375B2F021D6184D00744AF6 /* Friend_Off.png */ = {isa = PBXFileReference; lastKnownFileType = image.png; path = Friend_Off.png; sourceTree = "<group>"; };
		1375B2F321D61D0C00744AF6 /* FriendTab.png */ = {isa = PBXFileReference; lastKnownFileType = image.png; path = FriendTab.png; sourceTree = "<group>"; };
		1399564A21D474E4004DE14E /* EventIcon.cpp */ = {isa = PBXFileReference; lastKnownFileType = sourcecode.cpp.cpp; path = EventIcon.cpp; sourceTree = "<group>"; };
		1399564B21D474E4004DE14E /* EventIcon.hpp */ = {isa = PBXFileReference; lastKnownFileType = sourcecode.cpp.h; path = EventIcon.hpp; sourceTree = "<group>"; };
		1399564F21D4BA59004DE14E /* PopupPage.cpp */ = {isa = PBXFileReference; lastKnownFileType = sourcecode.cpp.cpp; path = PopupPage.cpp; sourceTree = "<group>"; };
		1399565021D4BA59004DE14E /* PopupPage.hpp */ = {isa = PBXFileReference; lastKnownFileType = sourcecode.cpp.h; path = PopupPage.hpp; sourceTree = "<group>"; };
		1399565F21D5B2D1004DE14E /* EventGroup_01.png */ = {isa = PBXFileReference; lastKnownFileType = image.png; path = EventGroup_01.png; sourceTree = "<group>"; };
		1399566521D5B7B6004DE14E /* EventItem_00.png */ = {isa = PBXFileReference; lastKnownFileType = image.png; path = EventItem_00.png; sourceTree = "<group>"; };
		1399566821D5B7C5004DE14E /* EventItem_01.png */ = {isa = PBXFileReference; lastKnownFileType = image.png; path = EventItem_01.png; sourceTree = "<group>"; };
		1399566B21D5BD88004DE14E /* EventGroup_01.cpp */ = {isa = PBXFileReference; lastKnownFileType = sourcecode.cpp.cpp; path = EventGroup_01.cpp; sourceTree = "<group>"; };
		1399566C21D5BD88004DE14E /* EventGroup_01.hpp */ = {isa = PBXFileReference; lastKnownFileType = sourcecode.cpp.h; path = EventGroup_01.hpp; sourceTree = "<group>"; };
		1399567021D5C461004DE14E /* EventIconMaker.cpp */ = {isa = PBXFileReference; lastKnownFileType = sourcecode.cpp.cpp; path = EventIconMaker.cpp; sourceTree = "<group>"; };
		1399567121D5C461004DE14E /* EventIconMaker.hpp */ = {isa = PBXFileReference; lastKnownFileType = sourcecode.cpp.h; path = EventIconMaker.hpp; sourceTree = "<group>"; };
		1399567521D5C51E004DE14E /* EventIconMaker_01.cpp */ = {isa = PBXFileReference; lastKnownFileType = sourcecode.cpp.cpp; path = EventIconMaker_01.cpp; sourceTree = "<group>"; };
		1399567621D5C51E004DE14E /* EventIconMaker_01.hpp */ = {isa = PBXFileReference; lastKnownFileType = sourcecode.cpp.h; path = EventIconMaker_01.hpp; sourceTree = "<group>"; };
		1399567921D5C92A004DE14E /* EventIcon_01.cpp */ = {isa = PBXFileReference; lastKnownFileType = sourcecode.cpp.cpp; path = EventIcon_01.cpp; sourceTree = "<group>"; };
		1399567A21D5C92A004DE14E /* EventIcon_01.hpp */ = {isa = PBXFileReference; lastKnownFileType = sourcecode.cpp.h; path = EventIcon_01.hpp; sourceTree = "<group>"; };
		1A88B2631FC3D9C9005C14AE /* Images.xcassets */ = {isa = PBXFileReference; lastKnownFileType = folder.assetcatalog; path = Images.xcassets; sourceTree = "<group>"; };
		1AC6FAE5180E9839004C840B /* cocos2d_libs.xcodeproj */ = {isa = PBXFileReference; lastKnownFileType = "wrapper.pb-project"; name = cocos2d_libs.xcodeproj; path = ../cocos2d/build/cocos2d_libs.xcodeproj; sourceTree = "<group>"; };
		1ACB3243164770DE00914215 /* libcurl.a */ = {isa = PBXFileReference; lastKnownFileType = archive.ar; name = libcurl.a; path = ../../cocos2dx/platform/third_party/ios/libraries/libcurl.a; sourceTree = "<group>"; };
		1AF87B471F6F77D6007BE51C /* AppController.h */ = {isa = PBXFileReference; lastKnownFileType = sourcecode.c.h; path = AppController.h; sourceTree = "<group>"; };
		1AF87B481F6F77D6007BE51C /* AppController.mm */ = {isa = PBXFileReference; lastKnownFileType = sourcecode.cpp.objcpp; path = AppController.mm; sourceTree = "<group>"; };
		1AF87B581F6F77D6007BE51C /* Info.plist */ = {isa = PBXFileReference; lastKnownFileType = text.plist.xml; path = Info.plist; sourceTree = "<group>"; };
		1AF87B591F6F77D6007BE51C /* LaunchScreen.storyboard */ = {isa = PBXFileReference; lastKnownFileType = file.storyboard; path = LaunchScreen.storyboard; sourceTree = "<group>"; };
		1AF87B5A1F6F77D6007BE51C /* LaunchScreenBackground.png */ = {isa = PBXFileReference; lastKnownFileType = image.png; path = LaunchScreenBackground.png; sourceTree = "<group>"; };
		1AF87B5B1F6F77D6007BE51C /* main.m */ = {isa = PBXFileReference; lastKnownFileType = sourcecode.c.objc; path = main.m; sourceTree = "<group>"; };
		1AF87B5C1F6F77D6007BE51C /* Prefix.pch */ = {isa = PBXFileReference; lastKnownFileType = sourcecode.c.h; path = Prefix.pch; sourceTree = "<group>"; };
		1AF87B5D1F6F77D6007BE51C /* RootViewController.h */ = {isa = PBXFileReference; lastKnownFileType = sourcecode.c.h; path = RootViewController.h; sourceTree = "<group>"; };
		1AF87B5E1F6F77D6007BE51C /* RootViewController.mm */ = {isa = PBXFileReference; lastKnownFileType = sourcecode.cpp.objcpp; path = RootViewController.mm; sourceTree = "<group>"; };
		1D30AB110D05D00D00671497 /* Foundation.framework */ = {isa = PBXFileReference; lastKnownFileType = wrapper.framework; name = Foundation.framework; path = System/Library/Frameworks/Foundation.framework; sourceTree = SDKROOT; };
		1D6058910D05DD3D006BFB54 /* UIMaking-mobile.app */ = {isa = PBXFileReference; explicitFileType = wrapper.application; includeInIndex = 0; path = "UIMaking-mobile.app"; sourceTree = BUILT_PRODUCTS_DIR; };
		1DF5F4DF0D08C38300B7A737 /* UIKit.framework */ = {isa = PBXFileReference; lastKnownFileType = wrapper.framework; name = UIKit.framework; path = System/Library/Frameworks/UIKit.framework; sourceTree = SDKROOT; };
		288765A40DF7441C002DB57D /* CoreGraphics.framework */ = {isa = PBXFileReference; lastKnownFileType = wrapper.framework; name = CoreGraphics.framework; path = System/Library/Frameworks/CoreGraphics.framework; sourceTree = SDKROOT; };
		294D0D631D0D56D500F7F5D4 /* CoreText.framework */ = {isa = PBXFileReference; lastKnownFileType = wrapper.framework; name = CoreText.framework; path = Platforms/iPhoneOS.platform/Developer/SDKs/iPhoneOS.sdk/System/Library/Frameworks/CoreText.framework; sourceTree = DEVELOPER_DIR; };
		3EACC98E19EE6D4300EB3C5E /* res */ = {isa = PBXFileReference; lastKnownFileType = folder; path = res; sourceTree = "<group>"; };
		46880B7619C43A67006E1F66 /* CloseNormal.png */ = {isa = PBXFileReference; lastKnownFileType = image.png; path = CloseNormal.png; sourceTree = "<group>"; };
		46880B7719C43A67006E1F66 /* CloseSelected.png */ = {isa = PBXFileReference; lastKnownFileType = image.png; path = CloseSelected.png; sourceTree = "<group>"; };
		46880B7A19C43A67006E1F66 /* HelloWorld.png */ = {isa = PBXFileReference; lastKnownFileType = image.png; path = HelloWorld.png; sourceTree = "<group>"; };
		46880B8419C43A87006E1F66 /* AppDelegate.cpp */ = {isa = PBXFileReference; fileEncoding = 4; lastKnownFileType = sourcecode.cpp.cpp; path = AppDelegate.cpp; sourceTree = "<group>"; };
		46880B8519C43A87006E1F66 /* AppDelegate.h */ = {isa = PBXFileReference; fileEncoding = 4; lastKnownFileType = sourcecode.c.h; path = AppDelegate.h; sourceTree = "<group>"; };
		46880B8619C43A87006E1F66 /* SelectScene.cpp */ = {isa = PBXFileReference; fileEncoding = 4; lastKnownFileType = sourcecode.cpp.cpp; path = SelectScene.cpp; sourceTree = "<group>"; };
		46880B8719C43A87006E1F66 /* SelectScene.h */ = {isa = PBXFileReference; fileEncoding = 4; lastKnownFileType = sourcecode.c.h; path = SelectScene.h; sourceTree = "<group>"; };
		503AE0F617EB97AB00D1A890 /* Icon.icns */ = {isa = PBXFileReference; lastKnownFileType = image.icns; path = Icon.icns; sourceTree = "<group>"; };
		503AE0F717EB97AB00D1A890 /* Info.plist */ = {isa = PBXFileReference; fileEncoding = 4; lastKnownFileType = text.plist.xml; path = Info.plist; sourceTree = "<group>"; };
		503AE10317EB98FF00D1A890 /* main.cpp */ = {isa = PBXFileReference; fileEncoding = 4; lastKnownFileType = sourcecode.cpp.cpp; name = main.cpp; path = mac/main.cpp; sourceTree = "<group>"; };
		503AE10417EB98FF00D1A890 /* Prefix.pch */ = {isa = PBXFileReference; fileEncoding = 4; lastKnownFileType = sourcecode.c.h; name = Prefix.pch; path = mac/Prefix.pch; sourceTree = "<group>"; };
		503AE11117EB99EE00D1A890 /* libcurl.dylib */ = {isa = PBXFileReference; lastKnownFileType = "compiled.mach-o.dylib"; name = libcurl.dylib; path = usr/lib/libcurl.dylib; sourceTree = SDKROOT; };
		503AE11A17EB9C5A00D1A890 /* IOKit.framework */ = {isa = PBXFileReference; lastKnownFileType = wrapper.framework; name = IOKit.framework; path = System/Library/Frameworks/IOKit.framework; sourceTree = SDKROOT; };
		5087E76F17EB910900C73F5D /* UIMaking-desktop.app */ = {isa = PBXFileReference; explicitFileType = wrapper.application; includeInIndex = 0; path = "UIMaking-desktop.app"; sourceTree = BUILT_PRODUCTS_DIR; };
		5087E78817EB974C00C73F5D /* AppKit.framework */ = {isa = PBXFileReference; lastKnownFileType = wrapper.framework; name = AppKit.framework; path = System/Library/Frameworks/AppKit.framework; sourceTree = SDKROOT; };
		5087E78A17EB975400C73F5D /* OpenGL.framework */ = {isa = PBXFileReference; lastKnownFileType = wrapper.framework; name = OpenGL.framework; path = System/Library/Frameworks/OpenGL.framework; sourceTree = SDKROOT; };
		521A8EA819F11F5000D177D7 /* fonts */ = {isa = PBXFileReference; lastKnownFileType = folder; path = fonts; sourceTree = "<group>"; };
		52B47A461A53D09B004E4C60 /* Security.framework */ = {isa = PBXFileReference; lastKnownFileType = wrapper.framework; name = Security.framework; path = Platforms/iPhoneOS.platform/Developer/SDKs/iPhoneOS.sdk/System/Library/Frameworks/Security.framework; sourceTree = DEVELOPER_DIR; };
		8262943D1AAF051F00CB7CF7 /* Security.framework */ = {isa = PBXFileReference; lastKnownFileType = wrapper.framework; name = Security.framework; path = System/Library/Frameworks/Security.framework; sourceTree = SDKROOT; };
		BF170DB012928DE900B8313A /* OpenGLES.framework */ = {isa = PBXFileReference; lastKnownFileType = wrapper.framework; name = OpenGLES.framework; path = System/Library/Frameworks/OpenGLES.framework; sourceTree = SDKROOT; };
		BF170DB412928DE900B8313A /* libz.dylib */ = {isa = PBXFileReference; lastKnownFileType = "compiled.mach-o.dylib"; name = libz.dylib; path = usr/lib/libz.dylib; sourceTree = SDKROOT; };
		BF1C47EA1293683800B63C5D /* QuartzCore.framework */ = {isa = PBXFileReference; lastKnownFileType = wrapper.framework; name = QuartzCore.framework; path = System/Library/Frameworks/QuartzCore.framework; sourceTree = SDKROOT; };
		D44C620B132DFF330009C878 /* OpenAL.framework */ = {isa = PBXFileReference; lastKnownFileType = wrapper.framework; name = OpenAL.framework; path = System/Library/Frameworks/OpenAL.framework; sourceTree = SDKROOT; };
		D44C620D132DFF430009C878 /* AVFoundation.framework */ = {isa = PBXFileReference; lastKnownFileType = wrapper.framework; name = AVFoundation.framework; path = System/Library/Frameworks/AVFoundation.framework; sourceTree = SDKROOT; };
		D44C620F132DFF4E0009C878 /* AudioToolbox.framework */ = {isa = PBXFileReference; lastKnownFileType = wrapper.framework; name = AudioToolbox.framework; path = System/Library/Frameworks/AudioToolbox.framework; sourceTree = SDKROOT; };
		D6B0611A1803AB670077942B /* CoreMotion.framework */ = {isa = PBXFileReference; lastKnownFileType = wrapper.framework; name = CoreMotion.framework; path = Platforms/iPhoneOS.platform/Developer/SDKs/iPhoneOS.sdk/System/Library/Frameworks/CoreMotion.framework; sourceTree = DEVELOPER_DIR; };
		ED545A7B1B68A1F400C3958E /* libiconv.dylib */ = {isa = PBXFileReference; lastKnownFileType = "compiled.mach-o.dylib"; name = libiconv.dylib; path = Platforms/iPhoneOS.platform/Developer/SDKs/iPhoneOS.sdk/usr/lib/libiconv.dylib; sourceTree = DEVELOPER_DIR; };
		ED545A7D1B68A1FA00C3958E /* libiconv.dylib */ = {isa = PBXFileReference; lastKnownFileType = "compiled.mach-o.dylib"; name = libiconv.dylib; path = usr/lib/libiconv.dylib; sourceTree = SDKROOT; };
/* End PBXFileReference section */

/* Begin PBXFrameworksBuildPhase section */
		1D60588F0D05DD3D006BFB54 /* Frameworks */ = {
			isa = PBXFrameworksBuildPhase;
			buildActionMask = 2147483647;
			files = (
				294D0D641D0D56D500F7F5D4 /* CoreText.framework in Frameworks */,
				ED545A7C1B68A1F400C3958E /* libiconv.dylib in Frameworks */,
				52B47A471A53D09C004E4C60 /* Security.framework in Frameworks */,
				1AC6FB30180E99EB004C840B /* libcocos2d iOS.a in Frameworks */,
				D6B0611B1803AB670077942B /* CoreMotion.framework in Frameworks */,
				1D60589F0D05DD5A006BFB54 /* Foundation.framework in Frameworks */,
				1DF5F4E00D08C38300B7A737 /* UIKit.framework in Frameworks */,
				288765A50DF7441C002DB57D /* CoreGraphics.framework in Frameworks */,
				BF171245129291EC00B8313A /* OpenGLES.framework in Frameworks */,
				BF1712471292920000B8313A /* libz.dylib in Frameworks */,
				BF1C47F01293687400B63C5D /* QuartzCore.framework in Frameworks */,
				D44C620C132DFF330009C878 /* OpenAL.framework in Frameworks */,
				D44C620E132DFF430009C878 /* AVFoundation.framework in Frameworks */,
				D44C6210132DFF4E0009C878 /* AudioToolbox.framework in Frameworks */,
			);
			runOnlyForDeploymentPostprocessing = 0;
		};
		5087E75C17EB910900C73F5D /* Frameworks */ = {
			isa = PBXFrameworksBuildPhase;
			buildActionMask = 2147483647;
			files = (
				ED545A7E1B68A1FA00C3958E /* libiconv.dylib in Frameworks */,
				1AC6FB21180E996B004C840B /* libcocos2d Mac.a in Frameworks */,
				5087E76717EB910900C73F5D /* libz.dylib in Frameworks */,
				8262943E1AAF051F00CB7CF7 /* Security.framework in Frameworks */,
				503AE11B17EB9C5A00D1A890 /* IOKit.framework in Frameworks */,
				5087E78B17EB975400C73F5D /* OpenGL.framework in Frameworks */,
				5087E78917EB974C00C73F5D /* AppKit.framework in Frameworks */,
				5087E76317EB910900C73F5D /* Foundation.framework in Frameworks */,
				5087E76817EB910900C73F5D /* QuartzCore.framework in Frameworks */,
				5087E76917EB910900C73F5D /* OpenAL.framework in Frameworks */,
				5087E76A17EB910900C73F5D /* AVFoundation.framework in Frameworks */,
				5087E76B17EB910900C73F5D /* AudioToolbox.framework in Frameworks */,
			);
			runOnlyForDeploymentPostprocessing = 0;
		};
/* End PBXFrameworksBuildPhase section */

/* Begin PBXGroup section */
		132278CD21D082A90047B6B8 /* Layer */ = {
			isa = PBXGroup;
			children = (
				132278CE21D082A90047B6B8 /* Page */,
				132278D021D09E100047B6B8 /* Layer_Base.cpp */,
				132278D121D09E100047B6B8 /* Layer_Base.hpp */,
				1356EAEB21CA404500746E03 /* Layer_Main.cpp */,
				1356EAEC21CA404500746E03 /* Layer_Main.hpp */,
				13285C3021CB57FE005B8214 /* Layer_Select.cpp */,
				13285C3121CB57FE005B8214 /* Layer_Select.hpp */,
			);
			path = Layer;
			sourceTree = "<group>";
		};
		132278CE21D082A90047B6B8 /* Page */ = {
			isa = PBXGroup;
			children = (
				132CB49121D6200B00267FA4 /* Page_m1 */,
				13323F3C21D315100062BA01 /* Page_0 */,
				1399567E21D5D099004DE14E /* Page_1 */,
				13323F4521D31F260062BA01 /* Page_2 */,
				132278DA21D0CB810047B6B8 /* Button */,
				132278CA21D0732D0047B6B8 /* Page.cpp */,
				132278C921D0732D0047B6B8 /* Page.hpp */,
			);
			path = Page;
			sourceTree = "<group>";
		};
		132278CF21D082B40047B6B8 /* Scene */ = {
			isa = PBXGroup;
			children = (
				132278CD21D082A90047B6B8 /* Layer */,
				46880B8619C43A87006E1F66 /* SelectScene.cpp */,
				46880B8719C43A87006E1F66 /* SelectScene.h */,
			);
			path = Scene;
			sourceTree = "<group>";
		};
		132278DA21D0CB810047B6B8 /* Button */ = {
			isa = PBXGroup;
			children = (
				132278F021D0DBC50047B6B8 /* Button.cpp */,
				132278EE21D0DBC50047B6B8 /* Button.hpp */,
			);
			path = Button;
			sourceTree = "<group>";
		};
		132CB49121D6200B00267FA4 /* Page_m1 */ = {
			isa = PBXGroup;
			children = (
				132CB49721D622DF00267FA4 /* BattleDack */,
				132CB49321D6215700267FA4 /* Page_m1.cpp */,
				132CB49421D6215700267FA4 /* Page_m1.hpp */,
			);
			path = Page_m1;
			sourceTree = "<group>";
		};
		132CB49721D622DF00267FA4 /* BattleDack */ = {
			isa = PBXGroup;
			children = (
				132CB4A021D6278B00267FA4 /* Dack */,
				132CB49821D6232700267FA4 /* BattleDack.cpp */,
				132CB49921D6232700267FA4 /* BattleDack.hpp */,
			);
			path = BattleDack;
			sourceTree = "<group>";
		};
		132CB49B21D6257300267FA4 /* Page_m01 */ = {
			isa = PBXGroup;
			children = (
				132CB4AC21D6398E00267FA4 /* Card_1.png */,
				132CB4B121D6398E00267FA4 /* Card_2.png */,
				132CB4AB21D6398E00267FA4 /* Card_3.png */,
				132CB4AE21D6398E00267FA4 /* Card_4.png */,
				132CB4AD21D6398E00267FA4 /* Card_5.png */,
				132CB4A921D6398D00267FA4 /* Card_6.png */,
				132CB4B021D6398E00267FA4 /* Card_7.png */,
				132CB4AF21D6398E00267FA4 /* Card_8.png */,
				132CB4AA21D6398E00267FA4 /* Card_9.png */,
				132CB49D21D6269F00267FA4 /* Dack.png */,
			);
			path = Page_m01;
			sourceTree = "<group>";
		};
		132CB4A021D6278B00267FA4 /* Dack */ = {
			isa = PBXGroup;
			children = (
				132CB4A121D6279D00267FA4 /* Dack.cpp */,
				132CB4A221D6279D00267FA4 /* Dack.hpp */,
				132CB4A521D62CFB00267FA4 /* Card.cpp */,
				132CB4A621D62CFB00267FA4 /* Card.hpp */,
			);
			path = Dack;
			sourceTree = "<group>";
		};
		13323F2A21D304C90062BA01 /* Page_00 */ = {
			isa = PBXGroup;
			children = (
				13323F4121D317750062BA01 /* ItemBox.png */,
				13323F3521D306460062BA01 /* Profile_Setting.png */,
				13323F3221D306420062BA01 /* Profile_Button.png */,
				13323F2F21D305E90062BA01 /* Profile_Mid.png */,
			);
			path = Page_00;
			sourceTree = "<group>";
		};
		13323F2E21D305610062BA01 /* BackGround */ = {
			isa = PBXGroup;
			children = (
				1356EAE821CA3E0600746E03 /* Neco_Main.jpeg */,
				13285C2421CB5588005B8214 /* Neco_1.jpg */,
				13285C2721CB5621005B8214 /* Neco_2.jpg */,
				13285C2A21CB573A005B8214 /* Neco_3.jpg */,
				13285C2D21CB573F005B8214 /* Neco_4.jpg */,
			);
			path = BackGround;
			sourceTree = "<group>";
		};
		13323F3C21D315100062BA01 /* Page_0 */ = {
			isa = PBXGroup;
			children = (
				132278E621D0D3410047B6B8 /* Page_0.cpp */,
				132278E721D0D3410047B6B8 /* Page_0.hpp */,
				13323F3821D306C80062BA01 /* Profile.cpp */,
				13323F3921D306C80062BA01 /* Profile.hpp */,
				13323F3D21D3153B0062BA01 /* ItemBox.cpp */,
				13323F3E21D3153B0062BA01 /* ItemBox.hpp */,
			);
			path = Page_0;
			sourceTree = "<group>";
		};
		13323F4421D31E3E0062BA01 /* Page_02 */ = {
			isa = PBXGroup;
			children = (
				1375B2C121D5E77A00744AF6 /* Book.png */,
				1375B2C221D5E77A00744AF6 /* Crystal.png */,
				1375B2C321D5E77A00744AF6 /* Money.png */,
				1399566521D5B7B6004DE14E /* EventItem_00.png */,
				1399566821D5B7C5004DE14E /* EventItem_01.png */,
				13323F4F21D324D20062BA01 /* EventGroup_00.png */,
				1399565F21D5B2D1004DE14E /* EventGroup_01.png */,
			);
			path = Page_02;
			sourceTree = "<group>";
		};
		13323F4521D31F260062BA01 /* Page_2 */ = {
			isa = PBXGroup;
			children = (
				13323F4A21D322300062BA01 /* EventGroup */,
				13323F4621D31F780062BA01 /* Page_2.cpp */,
				13323F4721D31F780062BA01 /* Page_2.hpp */,
				13323F5821D3786E0062BA01 /* VerticalLayer.cpp */,
				13323F5921D3786E0062BA01 /* VerticalLayer.hpp */,
			);
			path = Page_2;
			sourceTree = "<group>";
		};
		13323F4A21D322300062BA01 /* EventGroup */ = {
			isa = PBXGroup;
			children = (
				1399566F21D5C3D9004DE14E /* EventIcon */,
				13323F4B21D322A90062BA01 /* EventGroup.cpp */,
				13323F4C21D322A90062BA01 /* EventGroup.hpp */,
				1399566B21D5BD88004DE14E /* EventGroup_01.cpp */,
				1399566C21D5BD88004DE14E /* EventGroup_01.hpp */,
				1399564F21D4BA59004DE14E /* PopupPage.cpp */,
				1399565021D4BA59004DE14E /* PopupPage.hpp */,
			);
			path = EventGroup;
			sourceTree = "<group>";
		};
		1375B2D121D5EF2B00744AF6 /* Tab */ = {
			isa = PBXGroup;
			children = (
				1375B2CD21D5EF2300744AF6 /* TabClan.cpp */,
				1375B2CE21D5EF2300744AF6 /* TabClan.hpp */,
				1375B2D221D5EF6B00744AF6 /* TabSociety.cpp */,
				1375B2D321D5EF6B00744AF6 /* TabSociety.hpp */,
				1375B2D621D5EF8000744AF6 /* TabFriend.cpp */,
				1375B2D721D5EF8000744AF6 /* TabFriend.hpp */,
				1375B2DA21D5EF8E00744AF6 /* TabBase.cpp */,
				1375B2DB21D5EF8E00744AF6 /* TabBase.hpp */,
			);
			path = Tab;
			sourceTree = "<group>";
		};
		1399566F21D5C3D9004DE14E /* EventIcon */ = {
			isa = PBXGroup;
			children = (
				1399567421D5C4FD004DE14E /* IconMaker */,
				1399564A21D474E4004DE14E /* EventIcon.cpp */,
				1399564B21D474E4004DE14E /* EventIcon.hpp */,
				1399567921D5C92A004DE14E /* EventIcon_01.cpp */,
				1399567A21D5C92A004DE14E /* EventIcon_01.hpp */,
			);
			path = EventIcon;
			sourceTree = "<group>";
		};
		1399567421D5C4FD004DE14E /* IconMaker */ = {
			isa = PBXGroup;
			children = (
				1399567021D5C461004DE14E /* EventIconMaker.cpp */,
				1399567121D5C461004DE14E /* EventIconMaker.hpp */,
				1399567521D5C51E004DE14E /* EventIconMaker_01.cpp */,
				1399567621D5C51E004DE14E /* EventIconMaker_01.hpp */,
			);
			path = IconMaker;
			sourceTree = "<group>";
		};
		1399567D21D5D011004DE14E /* Page_01 */ = {
			isa = PBXGroup;
			children = (
				1375B2CA21D5EA6300744AF6 /* ClanTab.png */,
				1375B2DE21D5FFA600744AF6 /* SocietyTab.png */,
				1375B2F321D61D0C00744AF6 /* FriendTab.png */,
				1375B2E121D6061700744AF6 /* Clan_On.png */,
				1375B2EA21D6142100744AF6 /* Clan_Off.png */,
				1375B2E221D6061700744AF6 /* Friend_On.png */,
				1375B2F021D6184D00744AF6 /* Friend_Off.png */,
				1375B2E321D6061800744AF6 /* Society_On.png */,
				1375B2ED21D6184700744AF6 /* Society_Off.png */,
			);
			path = Page_01;
			sourceTree = "<group>";
		};
		1399567E21D5D099004DE14E /* Page_1 */ = {
			isa = PBXGroup;
			children = (
				1375B2D121D5EF2B00744AF6 /* Tab */,
				1375B2BD21D5E02A00744AF6 /* Page_1.cpp */,
				1375B2BE21D5E02A00744AF6 /* Page_1.hpp */,
			);
			path = Page_1;
			sourceTree = "<group>";
		};
		19C28FACFE9D520D11CA2CBB /* Products */ = {
			isa = PBXGroup;
			children = (
				1D6058910D05DD3D006BFB54 /* UIMaking-mobile.app */,
				5087E76F17EB910900C73F5D /* UIMaking-desktop.app */,
			);
			name = Products;
			sourceTree = "<group>";
		};
		1AC6FAE6180E9839004C840B /* Products */ = {
			isa = PBXGroup;
			children = (
				1AC6FAF9180E9839004C840B /* libcocos2d Mac.a */,
				1AC6FB07180E9839004C840B /* libcocos2d iOS.a */,
				1A7533E31F6F75F6007E8E6F /* libcocos2d tvOS.a */,
			);
			name = Products;
			sourceTree = "<group>";
		};
		1AF87B461F6F77D6007BE51C /* ios */ = {
			isa = PBXGroup;
			children = (
				1A88B2631FC3D9C9005C14AE /* Images.xcassets */,
				1AF87B471F6F77D6007BE51C /* AppController.h */,
				1AF87B481F6F77D6007BE51C /* AppController.mm */,
				1AF87B581F6F77D6007BE51C /* Info.plist */,
				1AF87B591F6F77D6007BE51C /* LaunchScreen.storyboard */,
				1AF87B5A1F6F77D6007BE51C /* LaunchScreenBackground.png */,
				1AF87B5B1F6F77D6007BE51C /* main.m */,
				1AF87B5C1F6F77D6007BE51C /* Prefix.pch */,
				1AF87B5D1F6F77D6007BE51C /* RootViewController.h */,
				1AF87B5E1F6F77D6007BE51C /* RootViewController.mm */,
			);
			path = ios;
			sourceTree = "<group>";
		};
		29B97314FDCFA39411CA2CEA /* CustomTemplate */ = {
			isa = PBXGroup;
			children = (
				46880B8319C43A87006E1F66 /* Classes */,
				46880B7519C43A67006E1F66 /* Resources */,
				1AC6FAE5180E9839004C840B /* cocos2d_libs.xcodeproj */,
				29B97323FDCFA39411CA2CEA /* Frameworks */,
				1AF87B461F6F77D6007BE51C /* ios */,
				503AE10617EB990700D1A890 /* mac */,
				19C28FACFE9D520D11CA2CBB /* Products */,
			);
			name = CustomTemplate;
			sourceTree = "<group>";
		};
		29B97323FDCFA39411CA2CEA /* Frameworks */ = {
			isa = PBXGroup;
			children = (
				294D0D631D0D56D500F7F5D4 /* CoreText.framework */,
				ED545A7D1B68A1FA00C3958E /* libiconv.dylib */,
				ED545A7B1B68A1F400C3958E /* libiconv.dylib */,
				8262943D1AAF051F00CB7CF7 /* Security.framework */,
				52B47A461A53D09B004E4C60 /* Security.framework */,
				D6B0611A1803AB670077942B /* CoreMotion.framework */,
				503AE11A17EB9C5A00D1A890 /* IOKit.framework */,
				503AE11117EB99EE00D1A890 /* libcurl.dylib */,
				5087E78A17EB975400C73F5D /* OpenGL.framework */,
				5087E78817EB974C00C73F5D /* AppKit.framework */,
				1ACB3243164770DE00914215 /* libcurl.a */,
				BF170DB412928DE900B8313A /* libz.dylib */,
				D44C620F132DFF4E0009C878 /* AudioToolbox.framework */,
				D44C620D132DFF430009C878 /* AVFoundation.framework */,
				288765A40DF7441C002DB57D /* CoreGraphics.framework */,
				1D30AB110D05D00D00671497 /* Foundation.framework */,
				D44C620B132DFF330009C878 /* OpenAL.framework */,
				BF170DB012928DE900B8313A /* OpenGLES.framework */,
				BF1C47EA1293683800B63C5D /* QuartzCore.framework */,
				1DF5F4DF0D08C38300B7A737 /* UIKit.framework */,
			);
			name = Frameworks;
			sourceTree = "<group>";
		};
		46880B7519C43A67006E1F66 /* Resources */ = {
			isa = PBXGroup;
			children = (
				132CB49B21D6257300267FA4 /* Page_m01 */,
				13323F2A21D304C90062BA01 /* Page_00 */,
				1399567D21D5D011004DE14E /* Page_01 */,
				13323F4421D31E3E0062BA01 /* Page_02 */,
				13323F2E21D305610062BA01 /* BackGround */,
				521A8EA819F11F5000D177D7 /* fonts */,
				3EACC98E19EE6D4300EB3C5E /* res */,
				46880B7619C43A67006E1F66 /* CloseNormal.png */,
				46880B7719C43A67006E1F66 /* CloseSelected.png */,
				46880B7A19C43A67006E1F66 /* HelloWorld.png */,
				132278D721D0B1610047B6B8 /* Pannel.png */,
			);
			name = Resources;
			path = ../Resources;
			sourceTree = "<group>";
		};
		46880B8319C43A87006E1F66 /* Classes */ = {
			isa = PBXGroup;
			children = (
				132278CF21D082B40047B6B8 /* Scene */,
				46880B8419C43A87006E1F66 /* AppDelegate.cpp */,
				46880B8519C43A87006E1F66 /* AppDelegate.h */,
			);
			name = Classes;
			path = ../Classes;
			sourceTree = "<group>";
		};
		503AE0F517EB97AB00D1A890 /* Icons */ = {
			isa = PBXGroup;
			children = (
				503AE0F617EB97AB00D1A890 /* Icon.icns */,
				503AE0F717EB97AB00D1A890 /* Info.plist */,
			);
			name = Icons;
			path = mac;
			sourceTree = SOURCE_ROOT;
		};
		503AE10617EB990700D1A890 /* mac */ = {
			isa = PBXGroup;
			children = (
				503AE0F517EB97AB00D1A890 /* Icons */,
				503AE10317EB98FF00D1A890 /* main.cpp */,
				503AE10417EB98FF00D1A890 /* Prefix.pch */,
			);
			name = mac;
			sourceTree = "<group>";
		};
/* End PBXGroup section */

/* Begin PBXNativeTarget section */
		1D6058900D05DD3D006BFB54 /* UIMaking-mobile */ = {
			isa = PBXNativeTarget;
			buildConfigurationList = 1D6058960D05DD3E006BFB54 /* Build configuration list for PBXNativeTarget "UIMaking-mobile" */;
			buildPhases = (
				1D60588D0D05DD3D006BFB54 /* Resources */,
				1D60588E0D05DD3D006BFB54 /* Sources */,
				1D60588F0D05DD3D006BFB54 /* Frameworks */,
			);
			buildRules = (
			);
			dependencies = (
				1AC6FB25180E99E1004C840B /* PBXTargetDependency */,
			);
			name = "UIMaking-mobile";
			productName = iphone;
			productReference = 1D6058910D05DD3D006BFB54 /* UIMaking-mobile.app */;
			productType = "com.apple.product-type.application";
		};
		5087E73D17EB910900C73F5D /* UIMaking-desktop */ = {
			isa = PBXNativeTarget;
			buildConfigurationList = 5087E76C17EB910900C73F5D /* Build configuration list for PBXNativeTarget "UIMaking-desktop" */;
			buildPhases = (
				5087E74817EB910900C73F5D /* Resources */,
				5087E75617EB910900C73F5D /* Sources */,
				5087E75C17EB910900C73F5D /* Frameworks */,
			);
			buildRules = (
			);
			dependencies = (
				1AC6FB16180E9959004C840B /* PBXTargetDependency */,
			);
			name = "UIMaking-desktop";
			productName = iphone;
			productReference = 5087E76F17EB910900C73F5D /* UIMaking-desktop.app */;
			productType = "com.apple.product-type.application";
		};
/* End PBXNativeTarget section */

/* Begin PBXProject section */
		29B97313FDCFA39411CA2CEA /* Project object */ = {
			isa = PBXProject;
			attributes = {
				LastUpgradeCheck = 0500;
			};
			buildConfigurationList = C01FCF4E08A954540054247B /* Build configuration list for PBXProject "UIMaking" */;
			compatibilityVersion = "Xcode 3.2";
			developmentRegion = English;
			hasScannedForEncodings = 1;
			knownRegions = (
				English,
				Japanese,
				French,
				German,
			);
			mainGroup = 29B97314FDCFA39411CA2CEA /* CustomTemplate */;
			projectDirPath = "";
			projectReferences = (
				{
					ProductGroup = 1AC6FAE6180E9839004C840B /* Products */;
					ProjectRef = 1AC6FAE5180E9839004C840B /* cocos2d_libs.xcodeproj */;
				},
			);
			projectRoot = "";
			targets = (
				1D6058900D05DD3D006BFB54 /* UIMaking-mobile */,
				5087E73D17EB910900C73F5D /* UIMaking-desktop */,
			);
		};
/* End PBXProject section */

/* Begin PBXReferenceProxy section */
		1A7533E31F6F75F6007E8E6F /* libcocos2d tvOS.a */ = {
			isa = PBXReferenceProxy;
			fileType = archive.ar;
			path = "libcocos2d tvOS.a";
			remoteRef = 1A7533E21F6F75F6007E8E6F /* PBXContainerItemProxy */;
			sourceTree = BUILT_PRODUCTS_DIR;
		};
		1AC6FAF9180E9839004C840B /* libcocos2d Mac.a */ = {
			isa = PBXReferenceProxy;
			fileType = archive.ar;
			path = "libcocos2d Mac.a";
			remoteRef = 1AC6FAF8180E9839004C840B /* PBXContainerItemProxy */;
			sourceTree = BUILT_PRODUCTS_DIR;
		};
		1AC6FB07180E9839004C840B /* libcocos2d iOS.a */ = {
			isa = PBXReferenceProxy;
			fileType = archive.ar;
			path = "libcocos2d iOS.a";
			remoteRef = 1AC6FB06180E9839004C840B /* PBXContainerItemProxy */;
			sourceTree = BUILT_PRODUCTS_DIR;
		};
/* End PBXReferenceProxy section */

/* Begin PBXResourcesBuildPhase section */
		1D60588D0D05DD3D006BFB54 /* Resources */ = {
			isa = PBXResourcesBuildPhase;
			buildActionMask = 2147483647;
			files = (
				13285C2B21CB573A005B8214 /* Neco_3.jpg in Resources */,
				1375B2E621D6061800744AF6 /* Friend_On.png in Resources */,
				13323F3321D306420062BA01 /* Profile_Button.png in Resources */,
				1399566021D5B2D1004DE14E /* EventGroup_01.png in Resources */,
				1375B2C821D5E77A00744AF6 /* Money.png in Resources */,
				1399566921D5B7C5004DE14E /* EventItem_01.png in Resources */,
				46880B8119C43A67006E1F66 /* HelloWorld.png in Resources */,
				132CB49E21D6269F00267FA4 /* Dack.png in Resources */,
				132CB4C221D6398E00267FA4 /* Card_2.png in Resources */,
				1A88B2641FC3D9C9005C14AE /* Images.xcassets in Resources */,
				13285C2E21CB573F005B8214 /* Neco_4.jpg in Resources */,
				1375B2E421D6061800744AF6 /* Clan_On.png in Resources */,
				13323F3621D306470062BA01 /* Profile_Setting.png in Resources */,
				1375B2F121D6184D00744AF6 /* Friend_Off.png in Resources */,
				1375B2CB21D5EA6400744AF6 /* ClanTab.png in Resources */,
				13323F4221D317750062BA01 /* ItemBox.png in Resources */,
				13285C2821CB5621005B8214 /* Neco_2.jpg in Resources */,
				132CB4B221D6398E00267FA4 /* Card_6.png in Resources */,
				46880B7D19C43A67006E1F66 /* CloseSelected.png in Resources */,
				132CB4B821D6398E00267FA4 /* Card_1.png in Resources */,
				521A8EA919F11F5000D177D7 /* fonts in Resources */,
				13285C2521CB5588005B8214 /* Neco_1.jpg in Resources */,
				13323F5021D324D30062BA01 /* EventGroup_00.png in Resources */,
				3EACC98F19EE6D4300EB3C5E /* res in Resources */,
				132278D821D0B1610047B6B8 /* Pannel.png in Resources */,
				1375B2C621D5E77A00744AF6 /* Crystal.png in Resources */,
				1375B2EB21D6142100744AF6 /* Clan_Off.png in Resources */,
				132CB4B621D6398E00267FA4 /* Card_3.png in Resources */,
				132CB4BA21D6398E00267FA4 /* Card_5.png in Resources */,
				132CB4BC21D6398E00267FA4 /* Card_4.png in Resources */,
				1356EAE921CA3E0600746E03 /* Neco_Main.jpeg in Resources */,
				1375B2DF21D5FFA600744AF6 /* SocietyTab.png in Resources */,
				1375B2F421D61D0C00744AF6 /* FriendTab.png in Resources */,
				132CB4BE21D6398E00267FA4 /* Card_8.png in Resources */,
				1399566621D5B7B6004DE14E /* EventItem_00.png in Resources */,
				1375B2C421D5E77A00744AF6 /* Book.png in Resources */,
				132CB4C021D6398E00267FA4 /* Card_7.png in Resources */,
				13323F3021D305E90062BA01 /* Profile_Mid.png in Resources */,
				1AF87B891F6F781D007BE51C /* LaunchScreenBackground.png in Resources */,
				1375B2EE21D6184700744AF6 /* Society_Off.png in Resources */,
				46880B7B19C43A67006E1F66 /* CloseNormal.png in Resources */,
				1AF87B881F6F781D007BE51C /* LaunchScreen.storyboard in Resources */,
				132CB4B421D6398E00267FA4 /* Card_9.png in Resources */,
				1375B2E821D6061800744AF6 /* Society_On.png in Resources */,
			);
			runOnlyForDeploymentPostprocessing = 0;
		};
		5087E74817EB910900C73F5D /* Resources */ = {
			isa = PBXResourcesBuildPhase;
			buildActionMask = 2147483647;
			files = (
				132CB4BD21D6398E00267FA4 /* Card_4.png in Resources */,
				132CB4B921D6398E00267FA4 /* Card_1.png in Resources */,
				1375B2C721D5E77A00744AF6 /* Crystal.png in Resources */,
				132CB4B721D6398E00267FA4 /* Card_3.png in Resources */,
				1375B2E921D6061800744AF6 /* Society_On.png in Resources */,
				1375B2EF21D6184700744AF6 /* Society_Off.png in Resources */,
				132CB49F21D6269F00267FA4 /* Dack.png in Resources */,
				46880B8219C43A67006E1F66 /* HelloWorld.png in Resources */,
				13323F3121D305E90062BA01 /* Profile_Mid.png in Resources */,
				13285C2921CB5621005B8214 /* Neco_2.jpg in Resources */,
				1375B2E721D6061800744AF6 /* Friend_On.png in Resources */,
				1375B2C521D5E77A00744AF6 /* Book.png in Resources */,
				13323F5121D324D30062BA01 /* EventGroup_00.png in Resources */,
				1375B2F221D6184D00744AF6 /* Friend_Off.png in Resources */,
				132CB4BB21D6398E00267FA4 /* Card_5.png in Resources */,
				503AE0F817EB97AB00D1A890 /* Icon.icns in Resources */,
				13285C2F21CB573F005B8214 /* Neco_4.jpg in Resources */,
				1356EAEA21CA3E0600746E03 /* Neco_Main.jpeg in Resources */,
				132CB4B321D6398E00267FA4 /* Card_6.png in Resources */,
				13323F4321D317750062BA01 /* ItemBox.png in Resources */,
				13285C2C21CB573A005B8214 /* Neco_3.jpg in Resources */,
				132CB4B521D6398E00267FA4 /* Card_9.png in Resources */,
				132CB4BF21D6398E00267FA4 /* Card_8.png in Resources */,
				1375B2F521D61D0C00744AF6 /* FriendTab.png in Resources */,
				1375B2CC21D5EA6400744AF6 /* ClanTab.png in Resources */,
				1399566A21D5B7C5004DE14E /* EventItem_01.png in Resources */,
				1399566121D5B2D1004DE14E /* EventGroup_01.png in Resources */,
				1375B2E521D6061800744AF6 /* Clan_On.png in Resources */,
				132CB4C121D6398E00267FA4 /* Card_7.png in Resources */,
				1375B2E021D5FFA600744AF6 /* SocietyTab.png in Resources */,
				13323F3421D306420062BA01 /* Profile_Button.png in Resources */,
				1375B2EC21D6142100744AF6 /* Clan_Off.png in Resources */,
				3EACC99019EE6D4300EB3C5E /* res in Resources */,
				521A8EAA19F11F5000D177D7 /* fonts in Resources */,
				46880B7C19C43A67006E1F66 /* CloseNormal.png in Resources */,
				13285C2621CB5588005B8214 /* Neco_1.jpg in Resources */,
				1375B2C921D5E77A00744AF6 /* Money.png in Resources */,
				46880B7E19C43A67006E1F66 /* CloseSelected.png in Resources */,
				132CB4C321D6398E00267FA4 /* Card_2.png in Resources */,
				1399566721D5B7B6004DE14E /* EventItem_00.png in Resources */,
				13323F3721D306470062BA01 /* Profile_Setting.png in Resources */,
				132278D921D0B1610047B6B8 /* Pannel.png in Resources */,
			);
			runOnlyForDeploymentPostprocessing = 0;
		};
/* End PBXResourcesBuildPhase section */

/* Begin PBXSourcesBuildPhase section */
		1D60588E0D05DD3D006BFB54 /* Sources */ = {
			isa = PBXSourcesBuildPhase;
			buildActionMask = 2147483647;
			files = (
				132278CB21D0732E0047B6B8 /* Page.cpp in Sources */,
				13323F4D21D322A90062BA01 /* EventGroup.cpp in Sources */,
				1399567221D5C461004DE14E /* EventIconMaker.cpp in Sources */,
				132CB4A721D62CFB00267FA4 /* Card.cpp in Sources */,
				132CB49A21D6232700267FA4 /* BattleDack.cpp in Sources */,
				132278D221D09E100047B6B8 /* Layer_Base.cpp in Sources */,
				1399567B21D5C92A004DE14E /* EventIcon_01.cpp in Sources */,
				1375B2DC21D5EF8E00744AF6 /* TabBase.cpp in Sources */,
				1399566D21D5BD88004DE14E /* EventGroup_01.cpp in Sources */,
				1AF87B781F6F77F7007BE51C /* AppController.mm in Sources */,
				1AF87B8B1F6F782A007BE51C /* RootViewController.mm in Sources */,
				13323F3A21D306C80062BA01 /* Profile.cpp in Sources */,
				1399567721D5C51E004DE14E /* EventIconMaker_01.cpp in Sources */,
				46880B8819C43A87006E1F66 /* AppDelegate.cpp in Sources */,
				132278E821D0D3420047B6B8 /* Page_0.cpp in Sources */,
				1AF87B8A1F6F7822007BE51C /* main.m in Sources */,
				1375B2D421D5EF6B00744AF6 /* TabSociety.cpp in Sources */,
				1399565121D4BA59004DE14E /* PopupPage.cpp in Sources */,
				13323F4821D31F780062BA01 /* Page_2.cpp in Sources */,
				1375B2BF21D5E02A00744AF6 /* Page_1.cpp in Sources */,
				1356EAED21CA404500746E03 /* Layer_Main.cpp in Sources */,
				1375B2CF21D5EF2300744AF6 /* TabClan.cpp in Sources */,
				13323F3F21D3153B0062BA01 /* ItemBox.cpp in Sources */,
				46880B8A19C43A87006E1F66 /* SelectScene.cpp in Sources */,
				13323F5A21D3786E0062BA01 /* VerticalLayer.cpp in Sources */,
				132CB4A321D6279D00267FA4 /* Dack.cpp in Sources */,
				13285C3221CB57FE005B8214 /* Layer_Select.cpp in Sources */,
				1375B2D821D5EF8000744AF6 /* TabFriend.cpp in Sources */,
				1399564C21D474E4004DE14E /* EventIcon.cpp in Sources */,
				132CB49521D6215700267FA4 /* Page_m1.cpp in Sources */,
				132278F121D0DBC50047B6B8 /* Button.cpp in Sources */,
			);
			runOnlyForDeploymentPostprocessing = 0;
		};
		5087E75617EB910900C73F5D /* Sources */ = {
			isa = PBXSourcesBuildPhase;
			buildActionMask = 2147483647;
			files = (
				13323F4021D3153B0062BA01 /* ItemBox.cpp in Sources */,
				13285C3321CB57FE005B8214 /* Layer_Select.cpp in Sources */,
				1356EAEE21CA404500746E03 /* Layer_Main.cpp in Sources */,
				13323F4921D31F780062BA01 /* Page_2.cpp in Sources */,
				1399567C21D5C92A004DE14E /* EventIcon_01.cpp in Sources */,
				13323F3B21D306C80062BA01 /* Profile.cpp in Sources */,
				1375B2D521D5EF6B00744AF6 /* TabSociety.cpp in Sources */,
				46880B8919C43A87006E1F66 /* AppDelegate.cpp in Sources */,
				132278CC21D0732E0047B6B8 /* Page.cpp in Sources */,
				132278F221D0DBC50047B6B8 /* Button.cpp in Sources */,
				132CB4A821D62CFB00267FA4 /* Card.cpp in Sources */,
				132CB49621D6227400267FA4 /* Page_m1.cpp in Sources */,
				1399567821D5C51E004DE14E /* EventIconMaker_01.cpp in Sources */,
				13323F4E21D322A90062BA01 /* EventGroup.cpp in Sources */,
				503AE10517EB98FF00D1A890 /* main.cpp in Sources */,
				1375B2D921D5EF8000744AF6 /* TabFriend.cpp in Sources */,
				132278D321D09E100047B6B8 /* Layer_Base.cpp in Sources */,
				46880B8B19C43A87006E1F66 /* SelectScene.cpp in Sources */,
				132278E921D0D3420047B6B8 /* Page_0.cpp in Sources */,
				1399564E21D47C21004DE14E /* EventIcon.cpp in Sources */,
				13323F5B21D3786E0062BA01 /* VerticalLayer.cpp in Sources */,
				1399566E21D5BD88004DE14E /* EventGroup_01.cpp in Sources */,
				1375B2DD21D5EF8E00744AF6 /* TabBase.cpp in Sources */,
				132CB49C21D6266A00267FA4 /* BattleDack.cpp in Sources */,
				1399567321D5C461004DE14E /* EventIconMaker.cpp in Sources */,
				132CB4A421D6279D00267FA4 /* Dack.cpp in Sources */,
				1375B2D021D5EF2300744AF6 /* TabClan.cpp in Sources */,
				1375B2C021D5E4F800744AF6 /* Page_1.cpp in Sources */,
				1399565221D4BA59004DE14E /* PopupPage.cpp in Sources */,
			);
			runOnlyForDeploymentPostprocessing = 0;
		};
/* End PBXSourcesBuildPhase section */

/* Begin PBXTargetDependency section */
		1AC6FB16180E9959004C840B /* PBXTargetDependency */ = {
			isa = PBXTargetDependency;
			name = "cocos2dx Mac";
			targetProxy = 1AC6FB15180E9959004C840B /* PBXContainerItemProxy */;
		};
		1AC6FB25180E99E1004C840B /* PBXTargetDependency */ = {
			isa = PBXTargetDependency;
			name = "cocos2dx iOS";
			targetProxy = 1AC6FB24180E99E1004C840B /* PBXContainerItemProxy */;
		};
/* End PBXTargetDependency section */

/* Begin XCBuildConfiguration section */
		1D6058940D05DD3E006BFB54 /* Debug */ = {
			isa = XCBuildConfiguration;
			buildSettings = {
				ALWAYS_SEARCH_USER_PATHS = YES;
				ASSETCATALOG_COMPILER_APPICON_NAME = AppIcon;
				CODE_SIGN_IDENTITY = "iPhone Developer";
				COMPRESS_PNG_FILES = NO;
				ENABLE_BITCODE = NO;
				GCC_DYNAMIC_NO_PIC = NO;
				GCC_INLINES_ARE_PRIVATE_EXTERN = NO;
				GCC_PRECOMPILE_PREFIX_HEADER = YES;
				GCC_PREFIX_HEADER = ios/Prefix.pch;
				GCC_PREPROCESSOR_DEFINITIONS = (
					USE_FILE32API,
					"COCOS2D_DEBUG=1",
					"CC_ENABLE_CHIPMUNK_INTEGRATION=1",
				);
				GCC_SYMBOLS_PRIVATE_EXTERN = NO;
				HEADER_SEARCH_PATHS = (
					"$(inherited)",
					"/Users/cd-someone/Desktop/UIMaking/Classes/Test/",
				);
				INFOPLIST_FILE = ios/Info.plist;
				IPHONEOS_DEPLOYMENT_TARGET = 6.0;
				LIBRARY_SEARCH_PATHS = "";
				OTHER_LDFLAGS = (
					"$(_COCOS_LIB_IOS_BEGIN)",
					"$(_COCOS_LIB_IOS_END)",
				);
				SDKROOT = iphoneos;
				STRIP_PNG_TEXT = NO;
				TARGETED_DEVICE_FAMILY = "1,2";
				USER_HEADER_SEARCH_PATHS = "$(_COCOS_HEADER_IOS_BEGIN) $(_COCOS_HEADER_IOS_END) /Users/cd-someone/Desktop/UIMaking/Classes/Test/";
				VALID_ARCHS = "arm64 armv7";
			};
			name = Debug;
		};
		1D6058950D05DD3E006BFB54 /* Release */ = {
			isa = XCBuildConfiguration;
			buildSettings = {
				ALWAYS_SEARCH_USER_PATHS = YES;
				ASSETCATALOG_COMPILER_APPICON_NAME = AppIcon;
				CODE_SIGN_IDENTITY = "iPhone Developer";
				COMPRESS_PNG_FILES = NO;
				ENABLE_BITCODE = NO;
				GCC_INLINES_ARE_PRIVATE_EXTERN = NO;
				GCC_PRECOMPILE_PREFIX_HEADER = YES;
				GCC_PREFIX_HEADER = ios/Prefix.pch;
				GCC_PREPROCESSOR_DEFINITIONS = (
					USE_FILE32API,
					"CC_ENABLE_CHIPMUNK_INTEGRATION=1",
					NDEBUG,
				);
				GCC_SYMBOLS_PRIVATE_EXTERN = NO;
				HEADER_SEARCH_PATHS = (
					"$(inherited)",
					"/Users/cd-someone/Desktop/UIMaking/Classes/Test/",
				);
				INFOPLIST_FILE = ios/Info.plist;
				IPHONEOS_DEPLOYMENT_TARGET = 6.0;
				LIBRARY_SEARCH_PATHS = "";
				OTHER_LDFLAGS = (
					"$(_COCOS_LIB_IOS_BEGIN)",
					"$(_COCOS_LIB_IOS_END)",
				);
				SDKROOT = iphoneos;
				STRIP_PNG_TEXT = NO;
				TARGETED_DEVICE_FAMILY = "1,2";
				USER_HEADER_SEARCH_PATHS = "$(_COCOS_HEADER_IOS_BEGIN) $(_COCOS_HEADER_IOS_END) /Users/cd-someone/Desktop/UIMaking/Classes/Test/";
				VALID_ARCHS = "arm64 armv7";
			};
			name = Release;
		};
		5087E76D17EB910900C73F5D /* Debug */ = {
			isa = XCBuildConfiguration;
			buildSettings = {
				ALWAYS_SEARCH_USER_PATHS = YES;
				ARCHS = "$(ARCHS_STANDARD_64_BIT)";
				CLANG_CXX_LANGUAGE_STANDARD = "c++0x";
				CLANG_CXX_LIBRARY = "libc++";
				GCC_DYNAMIC_NO_PIC = NO;
				GCC_INLINES_ARE_PRIVATE_EXTERN = NO;
				GCC_PRECOMPILE_PREFIX_HEADER = YES;
				GCC_PREFIX_HEADER = mac/Prefix.pch;
				GCC_PREPROCESSOR_DEFINITIONS = (
					USE_FILE32API,
					"COCOS2D_DEBUG=1",
					"CC_ENABLE_CHIPMUNK_INTEGRATION=1",
				);
				GCC_SYMBOLS_PRIVATE_EXTERN = NO;
				HEADER_SEARCH_PATHS = (
					"$(inherited)",
					"$(SRCROOT)/../cocos2d/external/glfw3/include/mac",
				);
				INFOPLIST_FILE = mac/Info.plist;
				LIBRARY_SEARCH_PATHS = "";
				OTHER_LDFLAGS = (
					"$(_COCOS_LIB_MAC_BEGIN)",
					"$(_COCOS_LIB_MAC_END)",
				);
				USER_HEADER_SEARCH_PATHS = "$(_COCOS_HEADER_MAC_BEGIN) $(_COCOS_HEADER_MAC_END)";
			};
			name = Debug;
		};
		5087E76E17EB910900C73F5D /* Release */ = {
			isa = XCBuildConfiguration;
			buildSettings = {
				ALWAYS_SEARCH_USER_PATHS = YES;
				ARCHS = "$(ARCHS_STANDARD_64_BIT)";
				CLANG_CXX_LANGUAGE_STANDARD = "c++0x";
				CLANG_CXX_LIBRARY = "libc++";
				GCC_INLINES_ARE_PRIVATE_EXTERN = NO;
				GCC_PRECOMPILE_PREFIX_HEADER = YES;
				GCC_PREFIX_HEADER = mac/Prefix.pch;
				GCC_PREPROCESSOR_DEFINITIONS = (
					USE_FILE32API,
					"CC_ENABLE_CHIPMUNK_INTEGRATION=1",
					NDEBUG,
				);
				GCC_SYMBOLS_PRIVATE_EXTERN = NO;
				HEADER_SEARCH_PATHS = (
					"$(inherited)",
					"$(SRCROOT)/../cocos2d/external/glfw3/include/mac",
				);
				INFOPLIST_FILE = mac/Info.plist;
				LIBRARY_SEARCH_PATHS = "";
				OTHER_LDFLAGS = (
					"$(_COCOS_LIB_MAC_BEGIN)",
					"$(_COCOS_LIB_MAC_END)",
				);
				USER_HEADER_SEARCH_PATHS = "$(_COCOS_HEADER_MAC_BEGIN) $(_COCOS_HEADER_MAC_END)";
			};
			name = Release;
		};
		C01FCF4F08A954540054247B /* Debug */ = {
			isa = XCBuildConfiguration;
			buildSettings = {
				CLANG_CXX_LANGUAGE_STANDARD = "c++0x";
				CLANG_CXX_LIBRARY = "libc++";
				COPY_PHASE_STRIP = NO;
				GCC_OPTIMIZATION_LEVEL = 0;
				GCC_WARN_ABOUT_RETURN_TYPE = YES;
				GCC_WARN_UNUSED_VARIABLE = YES;
				HEADER_SEARCH_PATHS = (
					"$(SRCROOT)/../cocos2d",
					"$(SRCROOT)/../cocos2d/cocos/audio/include",
					"$(SRCROOT)/../cocos2d/cocos",
					"$(SRCROOT)/../cocos2d/extensions",
					"$(SRCROOT)/../cocos2d/external",
					"$(SRCROOT)/../cocos2d/external/chipmunk/include/chipmunk",
					"$(SRCROOT)/../cocos2d/cocos/editor-support",
				);
				IPHONEOS_DEPLOYMENT_TARGET = 6.0;
				MACOSX_DEPLOYMENT_TARGET = 10.7;
				ONLY_ACTIVE_ARCH = YES;
				PRODUCT_NAME = "$(TARGET_NAME)";
				SDKROOT = macosx;
			};
			name = Debug;
		};
		C01FCF5008A954540054247B /* Release */ = {
			isa = XCBuildConfiguration;
			buildSettings = {
				CLANG_CXX_LANGUAGE_STANDARD = "c++0x";
				CLANG_CXX_LIBRARY = "libc++";
				GCC_WARN_ABOUT_RETURN_TYPE = YES;
				GCC_WARN_UNUSED_VARIABLE = YES;
				HEADER_SEARCH_PATHS = (
					"$(SRCROOT)/../cocos2d",
					"$(SRCROOT)/../cocos2d/cocos/audio/include",
					"$(SRCROOT)/../cocos2d/cocos",
					"$(SRCROOT)/../cocos2d/extensions",
					"$(SRCROOT)/../cocos2d/external",
					"$(SRCROOT)/../cocos2d/external/chipmunk/include/chipmunk",
					"$(SRCROOT)/../cocos2d/cocos/editor-support",
				);
				IPHONEOS_DEPLOYMENT_TARGET = 6.0;
				MACOSX_DEPLOYMENT_TARGET = 10.7;
				OTHER_CFLAGS = "-DNS_BLOCK_ASSERTIONS=1";
				PRODUCT_NAME = "$(TARGET_NAME)";
				SDKROOT = macosx;
				VALIDATE_PRODUCT = YES;
			};
			name = Release;
		};
/* End XCBuildConfiguration section */

/* Begin XCConfigurationList section */
		1D6058960D05DD3E006BFB54 /* Build configuration list for PBXNativeTarget "UIMaking-mobile" */ = {
			isa = XCConfigurationList;
			buildConfigurations = (
				1D6058940D05DD3E006BFB54 /* Debug */,
				1D6058950D05DD3E006BFB54 /* Release */,
			);
			defaultConfigurationIsVisible = 0;
			defaultConfigurationName = Debug;
		};
		5087E76C17EB910900C73F5D /* Build configuration list for PBXNativeTarget "UIMaking-desktop" */ = {
			isa = XCConfigurationList;
			buildConfigurations = (
				5087E76D17EB910900C73F5D /* Debug */,
				5087E76E17EB910900C73F5D /* Release */,
			);
			defaultConfigurationIsVisible = 0;
			defaultConfigurationName = Debug;
		};
		C01FCF4E08A954540054247B /* Build configuration list for PBXProject "UIMaking" */ = {
			isa = XCConfigurationList;
			buildConfigurations = (
				C01FCF4F08A954540054247B /* Debug */,
				C01FCF5008A954540054247B /* Release */,
			);
			defaultConfigurationIsVisible = 0;
			defaultConfigurationName = Debug;
		};
/* End XCConfigurationList section */
	};
	rootObject = 29B97313FDCFA39411CA2CEA /* Project object */;
}
